<?xml version="1.0" encoding="utf-8"?>
<Project ToolsVersion="4.0" xmlns="http://schemas.microsoft.com/developer/msbuild/2003">
  <ItemGroup>
    <Filter Include="Sources">
      <UniqueIdentifier>{4FC737F1-C7A5-4376-A066-2A32D752A2FF}</UniqueIdentifier>
      <Extensions>cpp;c;cc;cxx;def;odl;idl;hpj;bat;asm;asmx</Extensions>
    </Filter>
    <Filter Include="Sources\Windows">
      <UniqueIdentifier>{3c67f936-19d1-4a7c-a7b2-a26c2bcc5aae}</UniqueIdentifier>
    </Filter>
    <Filter Include="Sources\SyntaxTree">
      <UniqueIdentifier>{a8b9aed4-fc6a-40a8-a78e-ee3eef4408a3}</UniqueIdentifier>
    </Filter>
  </ItemGroup>
  <ItemGroup>
    <ClCompile Include="..\..\Sources\Windows\CodeTool.cpp">
      <Filter>Sources\Windows</Filter>
    </ClCompile>
    <ClCompile Include="..\..\Sources\CodeToolApp.cpp">
      <Filter>Sources</Filter>
    </ClCompile>
    <ClCompile Include="..\..\Sources\SyntaxTree\SyntaxTree.cpp">
      <Filter>Sources\SyntaxTree</Filter>
    </ClCompile>
    <ClCompile Include="..\..\Sources\SyntaxTree\CppSyntaxParser.cpp">
      <Filter>Sources\SyntaxTree</Filter>
    </ClCompile>
  </ItemGroup>
  <ItemGroup>
    <ClInclude Include="..\..\Sources\CodeToolApp.h">
      <Filter>Sources</Filter>
    </ClInclude>
    <ClInclude Include="..\..\Sources\SyntaxTree\SyntaxTree.h">
      <Filter>Sources\SyntaxTree</Filter>
    </ClInclude>
    <ClInclude Include="..\..\Sources\SyntaxTree\CppSyntaxParser.h">
      <Filter>Sources\SyntaxTree</Filter>
    </ClInclude>
  </ItemGroup>
</Project>