
Microsoft Visual Studio Solution File, Format Version 11.00
# Visual Studio 2010
Project("{8BC9CEB8-8B4A-11D0-8D11-00A0C91BC942}") = "o2engine", "o2engine.vcxproj", "{9F42C963-6FC7-4665-A8F3-7BEB4981F9FA}"
EndProject
Global
	GlobalSection(SolutionConfigurationPlatforms) = preSolution
		Debug|Win32 = Debug|Win32
		Release|Win32 = Release|Win32
	EndGlobalSection
	GlobalSection(ProjectConfigurationPlatforms) = postSolution
		{9F42C963-6FC7-4665-A8F3-7BEB4981F9FA}.Debug|Win32.ActiveCfg = Debug|Win32
		{9F42C963-6FC7-4665-A8F3-7BEB4981F9FA}.Debug|Win32.Build.0 = Debug|Win32
		{9F42C963-6FC7-4665-A8F3-7BEB4981F9FA}.Release|Win32.ActiveCfg = Release|Win32
		{9F42C963-6FC7-4665-A8F3-7BEB4981F9FA}.Release|Win32.Build.0 = Release|Win32
	EndGlobalSection
	GlobalSection(SolutionProperties) = preSolution
		HideSolutionNode = FALSE
	EndGlobalSection
EndGlobal
