<?xml version="1.0" encoding="utf-8"?>
<Project ToolsVersion="4.0" xmlns="http://schemas.microsoft.com/developer/msbuild/2003">
  <ItemGroup>
    <Filter Include="PugiXML">
      <UniqueIdentifier>{8f732f59-0cba-4b33-bc23-df5cb612bfaa}</UniqueIdentifier>
    </Filter>
    <Filter Include="LibPNG">
      <UniqueIdentifier>{8b4cabfb-fa8b-4340-90ff-87360cfb27ad}</UniqueIdentifier>
    </Filter>
    <Filter Include="ZLib">
      <UniqueIdentifier>{d413fcdd-4cdb-4169-b7e5-a535a91ae01e}</UniqueIdentifier>
    </Filter>
    <Filter Include="StackWalker">
      <UniqueIdentifier>{76319c5c-ee25-4822-a2b1-0ee90cec9d05}</UniqueIdentifier>
    </Filter>
    <Filter Include="FreeType">
      <UniqueIdentifier>{2adc6085-5119-4139-8270-da789a853aa1}</UniqueIdentifier>
    </Filter>
    <Filter Include="FreeType\Header Files">
      <UniqueIdentifier>{e74dc45b-fb44-4fce-8267-5209a219a0f8}</UniqueIdentifier>
    </Filter>
    <Filter Include="FreeType\Source Files">
      <UniqueIdentifier>{61aea020-b889-42cc-914f-ac05f42d17ce}</UniqueIdentifier>
    </Filter>
    <Filter Include="FreeType\Source Files\FT_MODULES">
      <UniqueIdentifier>{912d9c05-11e4-4df6-a4ab-c008c0480ccf}</UniqueIdentifier>
    </Filter>
    <Filter Include="Box2D">
      <UniqueIdentifier>{0b6ce737-398c-480d-916c-82318c071e61}</UniqueIdentifier>
    </Filter>
    <Filter Include="rapidjson">
      <UniqueIdentifier>{140584e6-bedb-4d3e-962a-cb225d7c934b}</UniqueIdentifier>
    </Filter>
    <Filter Include="CDT">
      <UniqueIdentifier>{4391d0c8-2c3a-41e6-ab1e-c090ea22fb32}</UniqueIdentifier>
    </Filter>
    <Filter Include="JerryScript">
      <UniqueIdentifier>{262d1b9b-f8ed-405c-9609-e14d29012429}</UniqueIdentifier>
    </Filter>
    <Filter Include="JerryScript\core">
      <UniqueIdentifier>{49c49c57-d6c9-49dd-b754-c0f394814b5a}</UniqueIdentifier>
    </Filter>
    <Filter Include="JerryScript\ext">
      <UniqueIdentifier>{352c6d95-c58e-43a6-a212-b8848f73f3bc}</UniqueIdentifier>
    </Filter>
    <Filter Include="JerryScript\port">
      <UniqueIdentifier>{1f1e0198-b0be-4ae2-a8ae-4ca8181d9283}</UniqueIdentifier>
    </Filter>
  </ItemGroup>
  <ItemGroup>
    <ClInclude Include="..\..\3rdPartyLibs\PugiXml\pugiconfig.hpp">
      <Filter>PugiXML</Filter>
    </ClInclude>
    <ClInclude Include="..\..\3rdPartyLibs\PugiXml\pugixml.hpp">
      <Filter>PugiXML</Filter>
    </ClInclude>
    <ClInclude Include="..\..\3rdPartyLibs\LibPNG\png.h">
      <Filter>LibPNG</Filter>
    </ClInclude>
    <ClInclude Include="..\..\3rdPartyLibs\LibPNG\pngconf.h">
      <Filter>LibPNG</Filter>
    </ClInclude>
    <ClInclude Include="..\..\3rdPartyLibs\Zlib\crc32.h">
      <Filter>ZLib</Filter>
    </ClInclude>
    <ClInclude Include="..\..\3rdPartyLibs\Zlib\crypt.h">
      <Filter>ZLib</Filter>
    </ClInclude>
    <ClInclude Include="..\..\3rdPartyLibs\Zlib\deflate.h">
      <Filter>ZLib</Filter>
    </ClInclude>
    <ClInclude Include="..\..\3rdPartyLibs\Zlib\inffast.h">
      <Filter>ZLib</Filter>
    </ClInclude>
    <ClInclude Include="..\..\3rdPartyLibs\Zlib\inffixed.h">
      <Filter>ZLib</Filter>
    </ClInclude>
    <ClInclude Include="..\..\3rdPartyLibs\Zlib\inflate.h">
      <Filter>ZLib</Filter>
    </ClInclude>
    <ClInclude Include="..\..\3rdPartyLibs\Zlib\inftrees.h">
      <Filter>ZLib</Filter>
    </ClInclude>
    <ClInclude Include="..\..\3rdPartyLibs\Zlib\ioapi.h">
      <Filter>ZLib</Filter>
    </ClInclude>
    <ClInclude Include="..\..\3rdPartyLibs\Zlib\trees.h">
      <Filter>ZLib</Filter>
    </ClInclude>
    <ClInclude Include="..\..\3rdPartyLibs\Zlib\unzip.h">
      <Filter>ZLib</Filter>
    </ClInclude>
    <ClInclude Include="..\..\3rdPartyLibs\Zlib\zconf.h">
      <Filter>ZLib</Filter>
    </ClInclude>
    <ClInclude Include="..\..\3rdPartyLibs\Zlib\zconf.in.h">
      <Filter>ZLib</Filter>
    </ClInclude>
    <ClInclude Include="..\..\3rdPartyLibs\Zlib\zip.h">
      <Filter>ZLib</Filter>
    </ClInclude>
    <ClInclude Include="..\..\3rdPartyLibs\Zlib\zlib.h">
      <Filter>ZLib</Filter>
    </ClInclude>
    <ClInclude Include="..\..\3rdPartyLibs\Zlib\zutil.h">
      <Filter>ZLib</Filter>
    </ClInclude>
    <ClInclude Include="..\..\3rdPartyLibs\freetype\include\ft2build.h">
      <Filter>FreeType\Header Files</Filter>
    </ClInclude>
    <ClInclude Include="..\..\3rdPartyLibs\freetype\include\config\ftconfig.h">
      <Filter>FreeType\Header Files</Filter>
    </ClInclude>
    <ClInclude Include="..\..\3rdPartyLibs\freetype\include\config\ftheader.h">
      <Filter>FreeType\Header Files</Filter>
    </ClInclude>
    <ClInclude Include="..\..\3rdPartyLibs\freetype\include\config\ftmodule.h">
      <Filter>FreeType\Header Files</Filter>
    </ClInclude>
    <ClInclude Include="..\..\3rdPartyLibs\freetype\include\config\ftoption.h">
      <Filter>FreeType\Header Files</Filter>
    </ClInclude>
    <ClInclude Include="..\..\3rdPartyLibs\freetype\include\config\ftstdlib.h">
      <Filter>FreeType\Header Files</Filter>
    </ClInclude>
    <ClInclude Include="..\..\3rdPartyLibs\StackWalker\StackWalker.h">
      <Filter>StackWalker</Filter>
    </ClInclude>
    <ClInclude Include="..\..\3rdPartyLibs\Box2D\Box2D.h">
      <Filter>Box2D</Filter>
    </ClInclude>
    <ClInclude Include="..\..\3rdPartyLibs\Box2D\Collision\b2BroadPhase.h">
      <Filter>Box2D</Filter>
    </ClInclude>
    <ClInclude Include="..\..\3rdPartyLibs\Box2D\Collision\b2Collision.h">
      <Filter>Box2D</Filter>
    </ClInclude>
    <ClInclude Include="..\..\3rdPartyLibs\Box2D\Collision\b2Distance.h">
      <Filter>Box2D</Filter>
    </ClInclude>
    <ClInclude Include="..\..\3rdPartyLibs\Box2D\Collision\b2DynamicTree.h">
      <Filter>Box2D</Filter>
    </ClInclude>
    <ClInclude Include="..\..\3rdPartyLibs\Box2D\Collision\b2TimeOfImpact.h">
      <Filter>Box2D</Filter>
    </ClInclude>
    <ClInclude Include="..\..\3rdPartyLibs\Box2D\Collision\Shapes\b2ChainShape.h">
      <Filter>Box2D</Filter>
    </ClInclude>
    <ClInclude Include="..\..\3rdPartyLibs\Box2D\Collision\Shapes\b2CircleShape.h">
      <Filter>Box2D</Filter>
    </ClInclude>
    <ClInclude Include="..\..\3rdPartyLibs\Box2D\Collision\Shapes\b2EdgeShape.h">
      <Filter>Box2D</Filter>
    </ClInclude>
    <ClInclude Include="..\..\3rdPartyLibs\Box2D\Collision\Shapes\b2PolygonShape.h">
      <Filter>Box2D</Filter>
    </ClInclude>
    <ClInclude Include="..\..\3rdPartyLibs\Box2D\Collision\Shapes\b2Shape.h">
      <Filter>Box2D</Filter>
    </ClInclude>
    <ClInclude Include="..\..\3rdPartyLibs\Box2D\Common\b2BlockAllocator.h">
      <Filter>Box2D</Filter>
    </ClInclude>
    <ClInclude Include="..\..\3rdPartyLibs\Box2D\Common\b2Draw.h">
      <Filter>Box2D</Filter>
    </ClInclude>
    <ClInclude Include="..\..\3rdPartyLibs\Box2D\Common\b2GrowableStack.h">
      <Filter>Box2D</Filter>
    </ClInclude>
    <ClInclude Include="..\..\3rdPartyLibs\Box2D\Common\b2Math.h">
      <Filter>Box2D</Filter>
    </ClInclude>
    <ClInclude Include="..\..\3rdPartyLibs\Box2D\Common\b2Settings.h">
      <Filter>Box2D</Filter>
    </ClInclude>
    <ClInclude Include="..\..\3rdPartyLibs\Box2D\Common\b2StackAllocator.h">
      <Filter>Box2D</Filter>
    </ClInclude>
    <ClInclude Include="..\..\3rdPartyLibs\Box2D\Common\b2Timer.h">
      <Filter>Box2D</Filter>
    </ClInclude>
    <ClInclude Include="..\..\3rdPartyLibs\Box2D\Dynamics\b2Body.h">
      <Filter>Box2D</Filter>
    </ClInclude>
    <ClInclude Include="..\..\3rdPartyLibs\Box2D\Dynamics\b2ContactManager.h">
      <Filter>Box2D</Filter>
    </ClInclude>
    <ClInclude Include="..\..\3rdPartyLibs\Box2D\Dynamics\b2Fixture.h">
      <Filter>Box2D</Filter>
    </ClInclude>
    <ClInclude Include="..\..\3rdPartyLibs\Box2D\Dynamics\b2Island.h">
      <Filter>Box2D</Filter>
    </ClInclude>
    <ClInclude Include="..\..\3rdPartyLibs\Box2D\Dynamics\b2TimeStep.h">
      <Filter>Box2D</Filter>
    </ClInclude>
    <ClInclude Include="..\..\3rdPartyLibs\Box2D\Dynamics\b2World.h">
      <Filter>Box2D</Filter>
    </ClInclude>
    <ClInclude Include="..\..\3rdPartyLibs\Box2D\Dynamics\b2WorldCallbacks.h">
      <Filter>Box2D</Filter>
    </ClInclude>
    <ClInclude Include="..\..\3rdPartyLibs\Box2D\Dynamics\Contacts\b2ChainAndCircleContact.h">
      <Filter>Box2D</Filter>
    </ClInclude>
    <ClInclude Include="..\..\3rdPartyLibs\Box2D\Dynamics\Contacts\b2ChainAndPolygonContact.h">
      <Filter>Box2D</Filter>
    </ClInclude>
    <ClInclude Include="..\..\3rdPartyLibs\Box2D\Dynamics\Contacts\b2CircleContact.h">
      <Filter>Box2D</Filter>
    </ClInclude>
    <ClInclude Include="..\..\3rdPartyLibs\Box2D\Dynamics\Contacts\b2Contact.h">
      <Filter>Box2D</Filter>
    </ClInclude>
    <ClInclude Include="..\..\3rdPartyLibs\Box2D\Dynamics\Contacts\b2ContactSolver.h">
      <Filter>Box2D</Filter>
    </ClInclude>
    <ClInclude Include="..\..\3rdPartyLibs\Box2D\Dynamics\Contacts\b2EdgeAndCircleContact.h">
      <Filter>Box2D</Filter>
    </ClInclude>
    <ClInclude Include="..\..\3rdPartyLibs\Box2D\Dynamics\Contacts\b2EdgeAndPolygonContact.h">
      <Filter>Box2D</Filter>
    </ClInclude>
    <ClInclude Include="..\..\3rdPartyLibs\Box2D\Dynamics\Contacts\b2PolygonAndCircleContact.h">
      <Filter>Box2D</Filter>
    </ClInclude>
    <ClInclude Include="..\..\3rdPartyLibs\Box2D\Dynamics\Contacts\b2PolygonContact.h">
      <Filter>Box2D</Filter>
    </ClInclude>
    <ClInclude Include="..\..\3rdPartyLibs\Box2D\Dynamics\Joints\b2DistanceJoint.h">
      <Filter>Box2D</Filter>
    </ClInclude>
    <ClInclude Include="..\..\3rdPartyLibs\Box2D\Dynamics\Joints\b2FrictionJoint.h">
      <Filter>Box2D</Filter>
    </ClInclude>
    <ClInclude Include="..\..\3rdPartyLibs\Box2D\Dynamics\Joints\b2GearJoint.h">
      <Filter>Box2D</Filter>
    </ClInclude>
    <ClInclude Include="..\..\3rdPartyLibs\Box2D\Dynamics\Joints\b2Joint.h">
      <Filter>Box2D</Filter>
    </ClInclude>
    <ClInclude Include="..\..\3rdPartyLibs\Box2D\Dynamics\Joints\b2MotorJoint.h">
      <Filter>Box2D</Filter>
    </ClInclude>
    <ClInclude Include="..\..\3rdPartyLibs\Box2D\Dynamics\Joints\b2MouseJoint.h">
      <Filter>Box2D</Filter>
    </ClInclude>
    <ClInclude Include="..\..\3rdPartyLibs\Box2D\Dynamics\Joints\b2PrismaticJoint.h">
      <Filter>Box2D</Filter>
    </ClInclude>
    <ClInclude Include="..\..\3rdPartyLibs\Box2D\Dynamics\Joints\b2PulleyJoint.h">
      <Filter>Box2D</Filter>
    </ClInclude>
    <ClInclude Include="..\..\3rdPartyLibs\Box2D\Dynamics\Joints\b2RevoluteJoint.h">
      <Filter>Box2D</Filter>
    </ClInclude>
    <ClInclude Include="..\..\3rdPartyLibs\Box2D\Dynamics\Joints\b2RopeJoint.h">
      <Filter>Box2D</Filter>
    </ClInclude>
    <ClInclude Include="..\..\3rdPartyLibs\Box2D\Dynamics\Joints\b2WeldJoint.h">
      <Filter>Box2D</Filter>
    </ClInclude>
    <ClInclude Include="..\..\3rdPartyLibs\Box2D\Dynamics\Joints\b2WheelJoint.h">
      <Filter>Box2D</Filter>
    </ClInclude>
    <ClInclude Include="..\..\3rdPartyLibs\Box2D\Rope\b2Rope.h">
      <Filter>Box2D</Filter>
    </ClInclude>
    <ClInclude Include="..\..\3rdPartyLibs\rapidjson\include\rapidjson\allocators.h">
      <Filter>rapidjson</Filter>
    </ClInclude>
    <ClInclude Include="..\..\3rdPartyLibs\rapidjson\include\rapidjson\cursorstreamwrapper.h">
      <Filter>rapidjson</Filter>
    </ClInclude>
    <ClInclude Include="..\..\3rdPartyLibs\rapidjson\include\rapidjson\document.h">
      <Filter>rapidjson</Filter>
    </ClInclude>
    <ClInclude Include="..\..\3rdPartyLibs\rapidjson\include\rapidjson\encodedstream.h">
      <Filter>rapidjson</Filter>
    </ClInclude>
    <ClInclude Include="..\..\3rdPartyLibs\rapidjson\include\rapidjson\encodings.h">
      <Filter>rapidjson</Filter>
    </ClInclude>
    <ClInclude Include="..\..\3rdPartyLibs\rapidjson\include\rapidjson\error\en.h">
      <Filter>rapidjson</Filter>
    </ClInclude>
    <ClInclude Include="..\..\3rdPartyLibs\rapidjson\include\rapidjson\error\error.h">
      <Filter>rapidjson</Filter>
    </ClInclude>
    <ClInclude Include="..\..\3rdPartyLibs\rapidjson\include\rapidjson\filereadstream.h">
      <Filter>rapidjson</Filter>
    </ClInclude>
    <ClInclude Include="..\..\3rdPartyLibs\rapidjson\include\rapidjson\filewritestream.h">
      <Filter>rapidjson</Filter>
    </ClInclude>
    <ClInclude Include="..\..\3rdPartyLibs\rapidjson\include\rapidjson\fwd.h">
      <Filter>rapidjson</Filter>
    </ClInclude>
    <ClInclude Include="..\..\3rdPartyLibs\rapidjson\include\rapidjson\internal\biginteger.h">
      <Filter>rapidjson</Filter>
    </ClInclude>
    <ClInclude Include="..\..\3rdPartyLibs\rapidjson\include\rapidjson\internal\clzll.h">
      <Filter>rapidjson</Filter>
    </ClInclude>
    <ClInclude Include="..\..\3rdPartyLibs\rapidjson\include\rapidjson\internal\diyfp.h">
      <Filter>rapidjson</Filter>
    </ClInclude>
    <ClInclude Include="..\..\3rdPartyLibs\rapidjson\include\rapidjson\internal\dtoa.h">
      <Filter>rapidjson</Filter>
    </ClInclude>
    <ClInclude Include="..\..\3rdPartyLibs\rapidjson\include\rapidjson\internal\ieee754.h">
      <Filter>rapidjson</Filter>
    </ClInclude>
    <ClInclude Include="..\..\3rdPartyLibs\rapidjson\include\rapidjson\internal\itoa.h">
      <Filter>rapidjson</Filter>
    </ClInclude>
    <ClInclude Include="..\..\3rdPartyLibs\rapidjson\include\rapidjson\internal\meta.h">
      <Filter>rapidjson</Filter>
    </ClInclude>
    <ClInclude Include="..\..\3rdPartyLibs\rapidjson\include\rapidjson\internal\pow10.h">
      <Filter>rapidjson</Filter>
    </ClInclude>
    <ClInclude Include="..\..\3rdPartyLibs\rapidjson\include\rapidjson\internal\regex.h">
      <Filter>rapidjson</Filter>
    </ClInclude>
    <ClInclude Include="..\..\3rdPartyLibs\rapidjson\include\rapidjson\internal\stack.h">
      <Filter>rapidjson</Filter>
    </ClInclude>
    <ClInclude Include="..\..\3rdPartyLibs\rapidjson\include\rapidjson\internal\strfunc.h">
      <Filter>rapidjson</Filter>
    </ClInclude>
    <ClInclude Include="..\..\3rdPartyLibs\rapidjson\include\rapidjson\internal\strtod.h">
      <Filter>rapidjson</Filter>
    </ClInclude>
    <ClInclude Include="..\..\3rdPartyLibs\rapidjson\include\rapidjson\internal\swap.h">
      <Filter>rapidjson</Filter>
    </ClInclude>
    <ClInclude Include="..\..\3rdPartyLibs\rapidjson\include\rapidjson\istreamwrapper.h">
      <Filter>rapidjson</Filter>
    </ClInclude>
    <ClInclude Include="..\..\3rdPartyLibs\rapidjson\include\rapidjson\memorybuffer.h">
      <Filter>rapidjson</Filter>
    </ClInclude>
    <ClInclude Include="..\..\3rdPartyLibs\rapidjson\include\rapidjson\memorystream.h">
      <Filter>rapidjson</Filter>
    </ClInclude>
    <ClInclude Include="..\..\3rdPartyLibs\rapidjson\include\rapidjson\msinttypes\inttypes.h">
      <Filter>rapidjson</Filter>
    </ClInclude>
    <ClInclude Include="..\..\3rdPartyLibs\rapidjson\include\rapidjson\msinttypes\stdint.h">
      <Filter>rapidjson</Filter>
    </ClInclude>
    <ClInclude Include="..\..\3rdPartyLibs\rapidjson\include\rapidjson\ostreamwrapper.h">
      <Filter>rapidjson</Filter>
    </ClInclude>
    <ClInclude Include="..\..\3rdPartyLibs\rapidjson\include\rapidjson\pointer.h">
      <Filter>rapidjson</Filter>
    </ClInclude>
    <ClInclude Include="..\..\3rdPartyLibs\rapidjson\include\rapidjson\prettywriter.h">
      <Filter>rapidjson</Filter>
    </ClInclude>
    <ClInclude Include="..\..\3rdPartyLibs\rapidjson\include\rapidjson\rapidjson.h">
      <Filter>rapidjson</Filter>
    </ClInclude>
    <ClInclude Include="..\..\3rdPartyLibs\rapidjson\include\rapidjson\reader.h">
      <Filter>rapidjson</Filter>
    </ClInclude>
    <ClInclude Include="..\..\3rdPartyLibs\rapidjson\include\rapidjson\schema.h">
      <Filter>rapidjson</Filter>
    </ClInclude>
    <ClInclude Include="..\..\3rdPartyLibs\rapidjson\include\rapidjson\stream.h">
      <Filter>rapidjson</Filter>
    </ClInclude>
    <ClInclude Include="..\..\3rdPartyLibs\rapidjson\include\rapidjson\stringbuffer.h">
      <Filter>rapidjson</Filter>
    </ClInclude>
    <ClInclude Include="..\..\3rdPartyLibs\rapidjson\include\rapidjson\writer.h">
      <Filter>rapidjson</Filter>
    </ClInclude>
    <ClInclude Include="..\..\3rdPartyLibs\CDT\include\CDT.h">
      <Filter>CDT</Filter>
    </ClInclude>
    <ClInclude Include="..\..\3rdPartyLibs\CDT\include\CDT.hpp">
      <Filter>CDT</Filter>
    </ClInclude>
    <ClInclude Include="..\..\3rdPartyLibs\CDT\include\CDTUtils.h">
      <Filter>CDT</Filter>
    </ClInclude>
    <ClInclude Include="..\..\3rdPartyLibs\CDT\include\CDTUtils.hpp">
      <Filter>CDT</Filter>
    </ClInclude>
    <ClInclude Include="..\..\3rdPartyLibs\CDT\include\KDTree.h">
      <Filter>CDT</Filter>
    </ClInclude>
    <ClInclude Include="..\..\3rdPartyLibs\CDT\include\LocatorKDTree.h">
      <Filter>CDT</Filter>
    </ClInclude>
    <ClInclude Include="..\..\3rdPartyLibs\CDT\include\predicates.h">
      <Filter>CDT</Filter>
    </ClInclude>
    <ClInclude Include="..\..\3rdPartyLibs\CDT\include\remove_at.hpp">
      <Filter>CDT</Filter>
    </ClInclude>
    <ClInclude Include="..\..\3rdPartyLibs\CDT\extras\InitializeWithGrid.h">
      <Filter>CDT</Filter>
    </ClInclude>
    <ClInclude Include="..\..\3rdPartyLibs\CDT\extras\VerifyTopology.h">
      <Filter>CDT</Filter>
    </ClInclude>
  </ItemGroup>
  <ItemGroup>
    <ClCompile Include="..\..\3rdPartyLibs\PugiXml\pugixml.cpp">
      <Filter>PugiXML</Filter>
    </ClCompile>
    <ClCompile Include="..\..\3rdPartyLibs\LibPNG\png.c">
      <Filter>LibPNG</Filter>
    </ClCompile>
    <ClCompile Include="..\..\3rdPartyLibs\LibPNG\pngerror.c">
      <Filter>LibPNG</Filter>
    </ClCompile>
    <ClCompile Include="..\..\3rdPartyLibs\LibPNG\pnggccrd.c">
      <Filter>LibPNG</Filter>
    </ClCompile>
    <ClCompile Include="..\..\3rdPartyLibs\LibPNG\pngget.c">
      <Filter>LibPNG</Filter>
    </ClCompile>
    <ClCompile Include="..\..\3rdPartyLibs\LibPNG\pngmem.c">
      <Filter>LibPNG</Filter>
    </ClCompile>
    <ClCompile Include="..\..\3rdPartyLibs\LibPNG\pngpread.c">
      <Filter>LibPNG</Filter>
    </ClCompile>
    <ClCompile Include="..\..\3rdPartyLibs\LibPNG\pngread.c">
      <Filter>LibPNG</Filter>
    </ClCompile>
    <ClCompile Include="..\..\3rdPartyLibs\LibPNG\pngrio.c">
      <Filter>LibPNG</Filter>
    </ClCompile>
    <ClCompile Include="..\..\3rdPartyLibs\LibPNG\pngrtran.c">
      <Filter>LibPNG</Filter>
    </ClCompile>
    <ClCompile Include="..\..\3rdPartyLibs\LibPNG\pngrutil.c">
      <Filter>LibPNG</Filter>
    </ClCompile>
    <ClCompile Include="..\..\3rdPartyLibs\LibPNG\pngset.c">
      <Filter>LibPNG</Filter>
    </ClCompile>
    <ClCompile Include="..\..\3rdPartyLibs\LibPNG\pngtrans.c">
      <Filter>LibPNG</Filter>
    </ClCompile>
    <ClCompile Include="..\..\3rdPartyLibs\LibPNG\pngvcrd.c">
      <Filter>LibPNG</Filter>
    </ClCompile>
    <ClCompile Include="..\..\3rdPartyLibs\LibPNG\pngwio.c">
      <Filter>LibPNG</Filter>
    </ClCompile>
    <ClCompile Include="..\..\3rdPartyLibs\LibPNG\pngwrite.c">
      <Filter>LibPNG</Filter>
    </ClCompile>
    <ClCompile Include="..\..\3rdPartyLibs\LibPNG\pngwtran.c">
      <Filter>LibPNG</Filter>
    </ClCompile>
    <ClCompile Include="..\..\3rdPartyLibs\LibPNG\pngwutil.c">
      <Filter>LibPNG</Filter>
    </ClCompile>
    <ClCompile Include="..\..\3rdPartyLibs\Zlib\adler32.c">
      <Filter>ZLib</Filter>
    </ClCompile>
    <ClCompile Include="..\..\3rdPartyLibs\Zlib\compress.c">
      <Filter>ZLib</Filter>
    </ClCompile>
    <ClCompile Include="..\..\3rdPartyLibs\Zlib\crc32.c">
      <Filter>ZLib</Filter>
    </ClCompile>
    <ClCompile Include="..\..\3rdPartyLibs\Zlib\deflate.c">
      <Filter>ZLib</Filter>
    </ClCompile>
    <ClCompile Include="..\..\3rdPartyLibs\Zlib\gzio.c">
      <Filter>ZLib</Filter>
    </ClCompile>
    <ClCompile Include="..\..\3rdPartyLibs\Zlib\infback.c">
      <Filter>ZLib</Filter>
    </ClCompile>
    <ClCompile Include="..\..\3rdPartyLibs\Zlib\inffast.c">
      <Filter>ZLib</Filter>
    </ClCompile>
    <ClCompile Include="..\..\3rdPartyLibs\Zlib\inflate.c">
      <Filter>ZLib</Filter>
    </ClCompile>
    <ClCompile Include="..\..\3rdPartyLibs\Zlib\inftrees.c">
      <Filter>ZLib</Filter>
    </ClCompile>
    <ClCompile Include="..\..\3rdPartyLibs\Zlib\ioapi.c">
      <Filter>ZLib</Filter>
    </ClCompile>
    <ClCompile Include="..\..\3rdPartyLibs\Zlib\trees.c">
      <Filter>ZLib</Filter>
    </ClCompile>
    <ClCompile Include="..\..\3rdPartyLibs\Zlib\uncompr.c">
      <Filter>ZLib</Filter>
    </ClCompile>
    <ClCompile Include="..\..\3rdPartyLibs\Zlib\unzip.c">
      <Filter>ZLib</Filter>
    </ClCompile>
    <ClCompile Include="..\..\3rdPartyLibs\Zlib\zip.c">
      <Filter>ZLib</Filter>
    </ClCompile>
    <ClCompile Include="..\..\3rdPartyLibs\Zlib\zutil.c">
      <Filter>ZLib</Filter>
    </ClCompile>
    <ClCompile Include="..\..\3rdPartyLibs\freetype\src\autofit\autofit.c">
      <Filter>FreeType\Source Files</Filter>
    </ClCompile>
    <ClCompile Include="..\..\3rdPartyLibs\freetype\src\bdf\bdf.c">
      <Filter>FreeType\Source Files</Filter>
    </ClCompile>
    <ClCompile Include="..\..\3rdPartyLibs\freetype\src\cff\cff.c">
      <Filter>FreeType\Source Files</Filter>
    </ClCompile>
    <ClCompile Include="..\..\3rdPartyLibs\freetype\src\base\ftbase.c">
      <Filter>FreeType\Source Files</Filter>
    </ClCompile>
    <ClCompile Include="..\..\3rdPartyLibs\freetype\src\base\ftbitmap.c">
      <Filter>FreeType\Source Files</Filter>
    </ClCompile>
    <ClCompile Include="..\..\3rdPartyLibs\freetype\src\cache\ftcache.c">
      <Filter>FreeType\Source Files</Filter>
    </ClCompile>
    <ClCompile Include="..\..\3rdPartyLibs\freetype\src\base\ftfstype.c">
      <Filter>FreeType\Source Files</Filter>
    </ClCompile>
    <ClCompile Include="..\..\3rdPartyLibs\freetype\src\base\ftgasp.c">
      <Filter>FreeType\Source Files</Filter>
    </ClCompile>
    <ClCompile Include="..\..\3rdPartyLibs\freetype\src\base\ftglyph.c">
      <Filter>FreeType\Source Files</Filter>
    </ClCompile>
    <ClCompile Include="..\..\3rdPartyLibs\freetype\src\gzip\ftgzip.c">
      <Filter>FreeType\Source Files</Filter>
    </ClCompile>
    <ClCompile Include="..\..\3rdPartyLibs\freetype\src\base\ftinit.c">
      <Filter>FreeType\Source Files</Filter>
    </ClCompile>
    <ClCompile Include="..\..\3rdPartyLibs\freetype\src\lzw\ftlzw.c">
      <Filter>FreeType\Source Files</Filter>
    </ClCompile>
    <ClCompile Include="..\..\3rdPartyLibs\freetype\src\base\ftstroke.c">
      <Filter>FreeType\Source Files</Filter>
    </ClCompile>
    <ClCompile Include="..\..\3rdPartyLibs\freetype\src\base\ftsystem.c">
      <Filter>FreeType\Source Files</Filter>
    </ClCompile>
    <ClCompile Include="..\..\3rdPartyLibs\freetype\src\smooth\smooth.c">
      <Filter>FreeType\Source Files</Filter>
    </ClCompile>
    <ClCompile Include="..\..\3rdPartyLibs\freetype\src\base\ftbbox.c">
      <Filter>FreeType\Source Files\FT_MODULES</Filter>
    </ClCompile>
    <ClCompile Include="..\..\3rdPartyLibs\freetype\src\base\ftmm.c">
      <Filter>FreeType\Source Files\FT_MODULES</Filter>
    </ClCompile>
    <ClCompile Include="..\..\3rdPartyLibs\freetype\src\base\ftpfr.c">
      <Filter>FreeType\Source Files\FT_MODULES</Filter>
    </ClCompile>
    <ClCompile Include="..\..\3rdPartyLibs\freetype\src\base\ftsynth.c">
      <Filter>FreeType\Source Files\FT_MODULES</Filter>
    </ClCompile>
    <ClCompile Include="..\..\3rdPartyLibs\freetype\src\base\fttype1.c">
      <Filter>FreeType\Source Files\FT_MODULES</Filter>
    </ClCompile>
    <ClCompile Include="..\..\3rdPartyLibs\freetype\src\base\ftwinfnt.c">
      <Filter>FreeType\Source Files\FT_MODULES</Filter>
    </ClCompile>
    <ClCompile Include="..\..\3rdPartyLibs\freetype\src\base\ftlcdfil.c">
      <Filter>FreeType\Source Files\FT_MODULES</Filter>
    </ClCompile>
    <ClCompile Include="..\..\3rdPartyLibs\freetype\src\base\ftgxval.c">
      <Filter>FreeType\Source Files\FT_MODULES</Filter>
    </ClCompile>
    <ClCompile Include="..\..\3rdPartyLibs\freetype\src\base\ftotval.c">
      <Filter>FreeType\Source Files\FT_MODULES</Filter>
    </ClCompile>
    <ClCompile Include="..\..\3rdPartyLibs\freetype\src\base\ftpatent.c">
      <Filter>FreeType\Source Files\FT_MODULES</Filter>
    </ClCompile>
    <ClCompile Include="..\..\3rdPartyLibs\freetype\src\pcf\pcf.c">
      <Filter>FreeType\Source Files\FT_MODULES</Filter>
    </ClCompile>
    <ClCompile Include="..\..\3rdPartyLibs\freetype\src\pfr\pfr.c">
      <Filter>FreeType\Source Files\FT_MODULES</Filter>
    </ClCompile>
    <ClCompile Include="..\..\3rdPartyLibs\freetype\src\psaux\psaux.c">
      <Filter>FreeType\Source Files\FT_MODULES</Filter>
    </ClCompile>
    <ClCompile Include="..\..\3rdPartyLibs\freetype\src\pshinter\pshinter.c">
      <Filter>FreeType\Source Files\FT_MODULES</Filter>
    </ClCompile>
    <ClCompile Include="..\..\3rdPartyLibs\freetype\src\psnames\psmodule.c">
      <Filter>FreeType\Source Files\FT_MODULES</Filter>
    </ClCompile>
    <ClCompile Include="..\..\3rdPartyLibs\freetype\src\raster\raster.c">
      <Filter>FreeType\Source Files\FT_MODULES</Filter>
    </ClCompile>
    <ClCompile Include="..\..\3rdPartyLibs\freetype\src\sfnt\sfnt.c">
      <Filter>FreeType\Source Files\FT_MODULES</Filter>
    </ClCompile>
    <ClCompile Include="..\..\3rdPartyLibs\freetype\src\truetype\truetype.c">
      <Filter>FreeType\Source Files\FT_MODULES</Filter>
    </ClCompile>
    <ClCompile Include="..\..\3rdPartyLibs\freetype\src\type1\type1.c">
      <Filter>FreeType\Source Files\FT_MODULES</Filter>
    </ClCompile>
    <ClCompile Include="..\..\3rdPartyLibs\freetype\src\cid\type1cid.c">
      <Filter>FreeType\Source Files\FT_MODULES</Filter>
    </ClCompile>
    <ClCompile Include="..\..\3rdPartyLibs\freetype\src\type42\type42.c">
      <Filter>FreeType\Source Files\FT_MODULES</Filter>
    </ClCompile>
    <ClCompile Include="..\..\3rdPartyLibs\freetype\src\winfonts\winfnt.c">
      <Filter>FreeType\Source Files\FT_MODULES</Filter>
    </ClCompile>
    <ClCompile Include="..\..\3rdPartyLibs\StackWalker\StackWalker.cpp">
      <Filter>StackWalker</Filter>
    </ClCompile>
    <ClCompile Include="..\..\3rdPartyLibs\Box2D\Collision\b2BroadPhase.cpp">
      <Filter>Box2D</Filter>
    </ClCompile>
    <ClCompile Include="..\..\3rdPartyLibs\Box2D\Collision\b2CollideCircle.cpp">
      <Filter>Box2D</Filter>
    </ClCompile>
    <ClCompile Include="..\..\3rdPartyLibs\Box2D\Collision\b2CollideEdge.cpp">
      <Filter>Box2D</Filter>
    </ClCompile>
    <ClCompile Include="..\..\3rdPartyLibs\Box2D\Collision\b2CollidePolygon.cpp">
      <Filter>Box2D</Filter>
    </ClCompile>
    <ClCompile Include="..\..\3rdPartyLibs\Box2D\Collision\b2Collision.cpp">
      <Filter>Box2D</Filter>
    </ClCompile>
    <ClCompile Include="..\..\3rdPartyLibs\Box2D\Collision\b2Distance.cpp">
      <Filter>Box2D</Filter>
    </ClCompile>
    <ClCompile Include="..\..\3rdPartyLibs\Box2D\Collision\b2DynamicTree.cpp">
      <Filter>Box2D</Filter>
    </ClCompile>
    <ClCompile Include="..\..\3rdPartyLibs\Box2D\Collision\b2TimeOfImpact.cpp">
      <Filter>Box2D</Filter>
    </ClCompile>
    <ClCompile Include="..\..\3rdPartyLibs\Box2D\Collision\Shapes\b2ChainShape.cpp">
      <Filter>Box2D</Filter>
    </ClCompile>
    <ClCompile Include="..\..\3rdPartyLibs\Box2D\Collision\Shapes\b2CircleShape.cpp">
      <Filter>Box2D</Filter>
    </ClCompile>
    <ClCompile Include="..\..\3rdPartyLibs\Box2D\Collision\Shapes\b2EdgeShape.cpp">
      <Filter>Box2D</Filter>
    </ClCompile>
    <ClCompile Include="..\..\3rdPartyLibs\Box2D\Collision\Shapes\b2PolygonShape.cpp">
      <Filter>Box2D</Filter>
    </ClCompile>
    <ClCompile Include="..\..\3rdPartyLibs\Box2D\Common\b2BlockAllocator.cpp">
      <Filter>Box2D</Filter>
    </ClCompile>
    <ClCompile Include="..\..\3rdPartyLibs\Box2D\Common\b2Draw.cpp">
      <Filter>Box2D</Filter>
    </ClCompile>
    <ClCompile Include="..\..\3rdPartyLibs\Box2D\Common\b2Math.cpp">
      <Filter>Box2D</Filter>
    </ClCompile>
    <ClCompile Include="..\..\3rdPartyLibs\Box2D\Common\b2Settings.cpp">
      <Filter>Box2D</Filter>
    </ClCompile>
    <ClCompile Include="..\..\3rdPartyLibs\Box2D\Common\b2StackAllocator.cpp">
      <Filter>Box2D</Filter>
    </ClCompile>
    <ClCompile Include="..\..\3rdPartyLibs\Box2D\Common\b2Timer.cpp">
      <Filter>Box2D</Filter>
    </ClCompile>
    <ClCompile Include="..\..\3rdPartyLibs\Box2D\Dynamics\b2Body.cpp">
      <Filter>Box2D</Filter>
    </ClCompile>
    <ClCompile Include="..\..\3rdPartyLibs\Box2D\Dynamics\b2ContactManager.cpp">
      <Filter>Box2D</Filter>
    </ClCompile>
    <ClCompile Include="..\..\3rdPartyLibs\Box2D\Dynamics\b2Fixture.cpp">
      <Filter>Box2D</Filter>
    </ClCompile>
    <ClCompile Include="..\..\3rdPartyLibs\Box2D\Dynamics\b2Island.cpp">
      <Filter>Box2D</Filter>
    </ClCompile>
    <ClCompile Include="..\..\3rdPartyLibs\Box2D\Dynamics\b2World.cpp">
      <Filter>Box2D</Filter>
    </ClCompile>
    <ClCompile Include="..\..\3rdPartyLibs\Box2D\Dynamics\b2WorldCallbacks.cpp">
      <Filter>Box2D</Filter>
    </ClCompile>
    <ClCompile Include="..\..\3rdPartyLibs\Box2D\Dynamics\Contacts\b2ChainAndCircleContact.cpp">
      <Filter>Box2D</Filter>
    </ClCompile>
    <ClCompile Include="..\..\3rdPartyLibs\Box2D\Dynamics\Contacts\b2ChainAndPolygonContact.cpp">
      <Filter>Box2D</Filter>
    </ClCompile>
    <ClCompile Include="..\..\3rdPartyLibs\Box2D\Dynamics\Contacts\b2CircleContact.cpp">
      <Filter>Box2D</Filter>
    </ClCompile>
    <ClCompile Include="..\..\3rdPartyLibs\Box2D\Dynamics\Contacts\b2Contact.cpp">
      <Filter>Box2D</Filter>
    </ClCompile>
    <ClCompile Include="..\..\3rdPartyLibs\Box2D\Dynamics\Contacts\b2ContactSolver.cpp">
      <Filter>Box2D</Filter>
    </ClCompile>
    <ClCompile Include="..\..\3rdPartyLibs\Box2D\Dynamics\Contacts\b2EdgeAndCircleContact.cpp">
      <Filter>Box2D</Filter>
    </ClCompile>
    <ClCompile Include="..\..\3rdPartyLibs\Box2D\Dynamics\Contacts\b2EdgeAndPolygonContact.cpp">
      <Filter>Box2D</Filter>
    </ClCompile>
    <ClCompile Include="..\..\3rdPartyLibs\Box2D\Dynamics\Contacts\b2PolygonAndCircleContact.cpp">
      <Filter>Box2D</Filter>
    </ClCompile>
    <ClCompile Include="..\..\3rdPartyLibs\Box2D\Dynamics\Contacts\b2PolygonContact.cpp">
      <Filter>Box2D</Filter>
    </ClCompile>
    <ClCompile Include="..\..\3rdPartyLibs\Box2D\Dynamics\Joints\b2DistanceJoint.cpp">
      <Filter>Box2D</Filter>
    </ClCompile>
    <ClCompile Include="..\..\3rdPartyLibs\Box2D\Dynamics\Joints\b2FrictionJoint.cpp">
      <Filter>Box2D</Filter>
    </ClCompile>
    <ClCompile Include="..\..\3rdPartyLibs\Box2D\Dynamics\Joints\b2GearJoint.cpp">
      <Filter>Box2D</Filter>
    </ClCompile>
    <ClCompile Include="..\..\3rdPartyLibs\Box2D\Dynamics\Joints\b2Joint.cpp">
      <Filter>Box2D</Filter>
    </ClCompile>
    <ClCompile Include="..\..\3rdPartyLibs\Box2D\Dynamics\Joints\b2MotorJoint.cpp">
      <Filter>Box2D</Filter>
    </ClCompile>
    <ClCompile Include="..\..\3rdPartyLibs\Box2D\Dynamics\Joints\b2MouseJoint.cpp">
      <Filter>Box2D</Filter>
    </ClCompile>
    <ClCompile Include="..\..\3rdPartyLibs\Box2D\Dynamics\Joints\b2PrismaticJoint.cpp">
      <Filter>Box2D</Filter>
    </ClCompile>
    <ClCompile Include="..\..\3rdPartyLibs\Box2D\Dynamics\Joints\b2PulleyJoint.cpp">
      <Filter>Box2D</Filter>
    </ClCompile>
    <ClCompile Include="..\..\3rdPartyLibs\Box2D\Dynamics\Joints\b2RevoluteJoint.cpp">
      <Filter>Box2D</Filter>
    </ClCompile>
    <ClCompile Include="..\..\3rdPartyLibs\Box2D\Dynamics\Joints\b2RopeJoint.cpp">
      <Filter>Box2D</Filter>
    </ClCompile>
    <ClCompile Include="..\..\3rdPartyLibs\Box2D\Dynamics\Joints\b2WeldJoint.cpp">
      <Filter>Box2D</Filter>
    </ClCompile>
    <ClCompile Include="..\..\3rdPartyLibs\Box2D\Dynamics\Joints\b2WheelJoint.cpp">
      <Filter>Box2D</Filter>
    </ClCompile>
    <ClCompile Include="..\..\3rdPartyLibs\Box2D\Rope\b2Rope.cpp">
      <Filter>Box2D</Filter>
    </ClCompile>
    <ClCompile Include="..\..\3rdPartyLibs\CDT\src\CDT.cpp">
      <Filter>CDT</Filter>
    </ClCompile>
    <ClCompile Include="..\..\3rdPartyLibs\jerryscript\jerry-core\parser\js\byte-code.c">
      <Filter>JerryScript\core</Filter>
    </ClCompile>
    <ClCompile Include="..\..\3rdPartyLibs\jerryscript\jerry-core\parser\js\common.c">
      <Filter>JerryScript\core</Filter>
    </ClCompile>
    <ClCompile Include="..\..\3rdPartyLibs\jerryscript\jerry-core\debugger\debugger.c">
      <Filter>JerryScript\core</Filter>
    </ClCompile>
    <ClCompile Include="..\..\3rdPartyLibs\jerryscript\jerry-core\ecma\base\ecma-alloc.c">
      <Filter>JerryScript\core</Filter>
    </ClCompile>
    <ClCompile Include="..\..\3rdPartyLibs\jerryscript\jerry-core\ecma\operations\ecma-arguments-object.c">
      <Filter>JerryScript\core</Filter>
    </ClCompile>
    <ClCompile Include="..\..\3rdPartyLibs\jerryscript\jerry-core\ecma\operations\ecma-arraybuffer-object.c">
      <Filter>JerryScript\core</Filter>
    </ClCompile>
    <ClCompile Include="..\..\3rdPartyLibs\jerryscript\jerry-core\ecma\operations\ecma-array-object.c">
      <Filter>JerryScript\core</Filter>
    </ClCompile>
    <ClCompile Include="..\..\3rdPartyLibs\jerryscript\jerry-core\ecma\operations\ecma-async-generator-object.c">
      <Filter>JerryScript\core</Filter>
    </ClCompile>
    <ClCompile Include="..\..\3rdPartyLibs\jerryscript\jerry-core\ecma\operations\ecma-bigint.c">
      <Filter>JerryScript\core</Filter>
    </ClCompile>
    <ClCompile Include="..\..\3rdPartyLibs\jerryscript\jerry-core\ecma\operations\ecma-bigint-object.c">
      <Filter>JerryScript\core</Filter>
    </ClCompile>
    <ClCompile Include="..\..\3rdPartyLibs\jerryscript\jerry-core\ecma\operations\ecma-big-uint.c">
      <Filter>JerryScript\core</Filter>
    </ClCompile>
    <ClCompile Include="..\..\3rdPartyLibs\jerryscript\jerry-core\ecma\operations\ecma-boolean-object.c">
      <Filter>JerryScript\core</Filter>
    </ClCompile>
    <ClCompile Include="..\..\3rdPartyLibs\jerryscript\jerry-core\ecma\builtin-objects\ecma-builtin-array.c">
      <Filter>JerryScript\core</Filter>
    </ClCompile>
    <ClCompile Include="..\..\3rdPartyLibs\jerryscript\jerry-core\ecma\builtin-objects\ecma-builtin-arraybuffer.c">
      <Filter>JerryScript\core</Filter>
    </ClCompile>
    <ClCompile Include="..\..\3rdPartyLibs\jerryscript\jerry-core\ecma\builtin-objects\ecma-builtin-arraybuffer-prototype.c">
      <Filter>JerryScript\core</Filter>
    </ClCompile>
    <ClCompile Include="..\..\3rdPartyLibs\jerryscript\jerry-core\ecma\builtin-objects\ecma-builtin-array-iterator-prototype.c">
      <Filter>JerryScript\core</Filter>
    </ClCompile>
    <ClCompile Include="..\..\3rdPartyLibs\jerryscript\jerry-core\ecma\builtin-objects\ecma-builtin-array-prototype.c">
      <Filter>JerryScript\core</Filter>
    </ClCompile>
    <ClCompile Include="..\..\3rdPartyLibs\jerryscript\jerry-core\ecma\builtin-objects\ecma-builtin-array-prototype-unscopables.c">
      <Filter>JerryScript\core</Filter>
    </ClCompile>
    <ClCompile Include="..\..\3rdPartyLibs\jerryscript\jerry-core\ecma\builtin-objects\ecma-builtin-async-function.c">
      <Filter>JerryScript\core</Filter>
    </ClCompile>
    <ClCompile Include="..\..\3rdPartyLibs\jerryscript\jerry-core\ecma\builtin-objects\ecma-builtin-async-function-prototype.c">
      <Filter>JerryScript\core</Filter>
    </ClCompile>
    <ClCompile Include="..\..\3rdPartyLibs\jerryscript\jerry-core\ecma\builtin-objects\ecma-builtin-async-generator.c">
      <Filter>JerryScript\core</Filter>
    </ClCompile>
    <ClCompile Include="..\..\3rdPartyLibs\jerryscript\jerry-core\ecma\builtin-objects\ecma-builtin-async-generator-function.c">
      <Filter>JerryScript\core</Filter>
    </ClCompile>
    <ClCompile Include="..\..\3rdPartyLibs\jerryscript\jerry-core\ecma\builtin-objects\ecma-builtin-async-generator-prototype.c">
      <Filter>JerryScript\core</Filter>
    </ClCompile>
    <ClCompile Include="..\..\3rdPartyLibs\jerryscript\jerry-core\ecma\builtin-objects\ecma-builtin-async-iterator-prototype.c">
      <Filter>JerryScript\core</Filter>
    </ClCompile>
    <ClCompile Include="..\..\3rdPartyLibs\jerryscript\jerry-core\ecma\builtin-objects\ecma-builtin-bigint.c">
      <Filter>JerryScript\core</Filter>
    </ClCompile>
    <ClCompile Include="..\..\3rdPartyLibs\jerryscript\jerry-core\ecma\builtin-objects\typedarray\ecma-builtin-bigint64array.c">
      <Filter>JerryScript\core</Filter>
    </ClCompile>
    <ClCompile Include="..\..\3rdPartyLibs\jerryscript\jerry-core\ecma\builtin-objects\typedarray\ecma-builtin-bigint64array-prototype.c">
      <Filter>JerryScript\core</Filter>
    </ClCompile>
    <ClCompile Include="..\..\3rdPartyLibs\jerryscript\jerry-core\ecma\builtin-objects\ecma-builtin-bigint-prototype.c">
      <Filter>JerryScript\core</Filter>
    </ClCompile>
    <ClCompile Include="..\..\3rdPartyLibs\jerryscript\jerry-core\ecma\builtin-objects\typedarray\ecma-builtin-biguint64array.c">
      <Filter>JerryScript\core</Filter>
    </ClCompile>
    <ClCompile Include="..\..\3rdPartyLibs\jerryscript\jerry-core\ecma\builtin-objects\typedarray\ecma-builtin-biguint64array-prototype.c">
      <Filter>JerryScript\core</Filter>
    </ClCompile>
    <ClCompile Include="..\..\3rdPartyLibs\jerryscript\jerry-core\ecma\builtin-objects\ecma-builtin-boolean.c">
      <Filter>JerryScript\core</Filter>
    </ClCompile>
    <ClCompile Include="..\..\3rdPartyLibs\jerryscript\jerry-core\ecma\builtin-objects\ecma-builtin-boolean-prototype.c">
      <Filter>JerryScript\core</Filter>
    </ClCompile>
    <ClCompile Include="..\..\3rdPartyLibs\jerryscript\jerry-core\ecma\builtin-objects\ecma-builtin-dataview.c">
      <Filter>JerryScript\core</Filter>
    </ClCompile>
    <ClCompile Include="..\..\3rdPartyLibs\jerryscript\jerry-core\ecma\builtin-objects\ecma-builtin-dataview-prototype.c">
      <Filter>JerryScript\core</Filter>
    </ClCompile>
    <ClCompile Include="..\..\3rdPartyLibs\jerryscript\jerry-core\ecma\builtin-objects\ecma-builtin-date.c">
      <Filter>JerryScript\core</Filter>
    </ClCompile>
    <ClCompile Include="..\..\3rdPartyLibs\jerryscript\jerry-core\ecma\builtin-objects\ecma-builtin-date-prototype.c">
      <Filter>JerryScript\core</Filter>
    </ClCompile>
    <ClCompile Include="..\..\3rdPartyLibs\jerryscript\jerry-core\ecma\builtin-objects\ecma-builtin-error.c">
      <Filter>JerryScript\core</Filter>
    </ClCompile>
    <ClCompile Include="..\..\3rdPartyLibs\jerryscript\jerry-core\ecma\builtin-objects\ecma-builtin-error-prototype.c">
      <Filter>JerryScript\core</Filter>
    </ClCompile>
    <ClCompile Include="..\..\3rdPartyLibs\jerryscript\jerry-core\ecma\builtin-objects\ecma-builtin-evalerror.c">
      <Filter>JerryScript\core</Filter>
    </ClCompile>
    <ClCompile Include="..\..\3rdPartyLibs\jerryscript\jerry-core\ecma\builtin-objects\ecma-builtin-evalerror-prototype.c">
      <Filter>JerryScript\core</Filter>
    </ClCompile>
    <ClCompile Include="..\..\3rdPartyLibs\jerryscript\jerry-core\ecma\builtin-objects\typedarray\ecma-builtin-float32array.c">
      <Filter>JerryScript\core</Filter>
    </ClCompile>
    <ClCompile Include="..\..\3rdPartyLibs\jerryscript\jerry-core\ecma\builtin-objects\typedarray\ecma-builtin-float32array-prototype.c">
      <Filter>JerryScript\core</Filter>
    </ClCompile>
    <ClCompile Include="..\..\3rdPartyLibs\jerryscript\jerry-core\ecma\builtin-objects\typedarray\ecma-builtin-float64array.c">
      <Filter>JerryScript\core</Filter>
    </ClCompile>
    <ClCompile Include="..\..\3rdPartyLibs\jerryscript\jerry-core\ecma\builtin-objects\typedarray\ecma-builtin-float64array-prototype.c">
      <Filter>JerryScript\core</Filter>
    </ClCompile>
    <ClCompile Include="..\..\3rdPartyLibs\jerryscript\jerry-core\ecma\builtin-objects\ecma-builtin-function.c">
      <Filter>JerryScript\core</Filter>
    </ClCompile>
    <ClCompile Include="..\..\3rdPartyLibs\jerryscript\jerry-core\ecma\builtin-objects\ecma-builtin-function-prototype.c">
      <Filter>JerryScript\core</Filter>
    </ClCompile>
    <ClCompile Include="..\..\3rdPartyLibs\jerryscript\jerry-core\ecma\builtin-objects\ecma-builtin-generator.c">
      <Filter>JerryScript\core</Filter>
    </ClCompile>
    <ClCompile Include="..\..\3rdPartyLibs\jerryscript\jerry-core\ecma\builtin-objects\ecma-builtin-generator-function.c">
      <Filter>JerryScript\core</Filter>
    </ClCompile>
    <ClCompile Include="..\..\3rdPartyLibs\jerryscript\jerry-core\ecma\builtin-objects\ecma-builtin-generator-prototype.c">
      <Filter>JerryScript\core</Filter>
    </ClCompile>
    <ClCompile Include="..\..\3rdPartyLibs\jerryscript\jerry-core\ecma\builtin-objects\ecma-builtin-global.c">
      <Filter>JerryScript\core</Filter>
    </ClCompile>
    <ClCompile Include="..\..\3rdPartyLibs\jerryscript\jerry-core\ecma\builtin-objects\ecma-builtin-handlers.c">
      <Filter>JerryScript\core</Filter>
    </ClCompile>
    <ClCompile Include="..\..\3rdPartyLibs\jerryscript\jerry-core\ecma\builtin-objects\ecma-builtin-helpers.c">
      <Filter>JerryScript\core</Filter>
    </ClCompile>
    <ClCompile Include="..\..\3rdPartyLibs\jerryscript\jerry-core\ecma\builtin-objects\ecma-builtin-helpers-date.c">
      <Filter>JerryScript\core</Filter>
    </ClCompile>
    <ClCompile Include="..\..\3rdPartyLibs\jerryscript\jerry-core\ecma\builtin-objects\ecma-builtin-helpers-error.c">
      <Filter>JerryScript\core</Filter>
    </ClCompile>
    <ClCompile Include="..\..\3rdPartyLibs\jerryscript\jerry-core\ecma\builtin-objects\ecma-builtin-helpers-json.c">
      <Filter>JerryScript\core</Filter>
    </ClCompile>
    <ClCompile Include="..\..\3rdPartyLibs\jerryscript\jerry-core\ecma\builtin-objects\ecma-builtin-helpers-sort.c">
      <Filter>JerryScript\core</Filter>
    </ClCompile>
    <ClCompile Include="..\..\3rdPartyLibs\jerryscript\jerry-core\ecma\builtin-objects\typedarray\ecma-builtin-int8array.c">
      <Filter>JerryScript\core</Filter>
    </ClCompile>
    <ClCompile Include="..\..\3rdPartyLibs\jerryscript\jerry-core\ecma\builtin-objects\typedarray\ecma-builtin-int8array-prototype.c">
      <Filter>JerryScript\core</Filter>
    </ClCompile>
    <ClCompile Include="..\..\3rdPartyLibs\jerryscript\jerry-core\ecma\builtin-objects\typedarray\ecma-builtin-int16array.c">
      <Filter>JerryScript\core</Filter>
    </ClCompile>
    <ClCompile Include="..\..\3rdPartyLibs\jerryscript\jerry-core\ecma\builtin-objects\typedarray\ecma-builtin-int16array-prototype.c">
      <Filter>JerryScript\core</Filter>
    </ClCompile>
    <ClCompile Include="..\..\3rdPartyLibs\jerryscript\jerry-core\ecma\builtin-objects\typedarray\ecma-builtin-int32array.c">
      <Filter>JerryScript\core</Filter>
    </ClCompile>
    <ClCompile Include="..\..\3rdPartyLibs\jerryscript\jerry-core\ecma\builtin-objects\typedarray\ecma-builtin-int32array-prototype.c">
      <Filter>JerryScript\core</Filter>
    </ClCompile>
    <ClCompile Include="..\..\3rdPartyLibs\jerryscript\jerry-core\ecma\builtin-objects\ecma-builtin-intrinsic.c">
      <Filter>JerryScript\core</Filter>
    </ClCompile>
    <ClCompile Include="..\..\3rdPartyLibs\jerryscript\jerry-core\ecma\builtin-objects\ecma-builtin-iterator-prototype.c">
      <Filter>JerryScript\core</Filter>
    </ClCompile>
    <ClCompile Include="..\..\3rdPartyLibs\jerryscript\jerry-core\ecma\builtin-objects\ecma-builtin-json.c">
      <Filter>JerryScript\core</Filter>
    </ClCompile>
    <ClCompile Include="..\..\3rdPartyLibs\jerryscript\jerry-core\ecma\builtin-objects\ecma-builtin-map.c">
      <Filter>JerryScript\core</Filter>
    </ClCompile>
    <ClCompile Include="..\..\3rdPartyLibs\jerryscript\jerry-core\ecma\builtin-objects\ecma-builtin-map-iterator-prototype.c">
      <Filter>JerryScript\core</Filter>
    </ClCompile>
    <ClCompile Include="..\..\3rdPartyLibs\jerryscript\jerry-core\ecma\builtin-objects\ecma-builtin-map-prototype.c">
      <Filter>JerryScript\core</Filter>
    </ClCompile>
    <ClCompile Include="..\..\3rdPartyLibs\jerryscript\jerry-core\ecma\builtin-objects\ecma-builtin-math.c">
      <Filter>JerryScript\core</Filter>
    </ClCompile>
    <ClCompile Include="..\..\3rdPartyLibs\jerryscript\jerry-core\ecma\builtin-objects\ecma-builtin-number.c">
      <Filter>JerryScript\core</Filter>
    </ClCompile>
    <ClCompile Include="..\..\3rdPartyLibs\jerryscript\jerry-core\ecma\builtin-objects\ecma-builtin-number-prototype.c">
      <Filter>JerryScript\core</Filter>
    </ClCompile>
    <ClCompile Include="..\..\3rdPartyLibs\jerryscript\jerry-core\ecma\builtin-objects\ecma-builtin-object.c">
      <Filter>JerryScript\core</Filter>
    </ClCompile>
    <ClCompile Include="..\..\3rdPartyLibs\jerryscript\jerry-core\ecma\builtin-objects\ecma-builtin-object-prototype.c">
      <Filter>JerryScript\core</Filter>
    </ClCompile>
    <ClCompile Include="..\..\3rdPartyLibs\jerryscript\jerry-core\ecma\builtin-objects\ecma-builtin-promise.c">
      <Filter>JerryScript\core</Filter>
    </ClCompile>
    <ClCompile Include="..\..\3rdPartyLibs\jerryscript\jerry-core\ecma\builtin-objects\ecma-builtin-promise-prototype.c">
      <Filter>JerryScript\core</Filter>
    </ClCompile>
    <ClCompile Include="..\..\3rdPartyLibs\jerryscript\jerry-core\ecma\builtin-objects\ecma-builtin-proxy.c">
      <Filter>JerryScript\core</Filter>
    </ClCompile>
    <ClCompile Include="..\..\3rdPartyLibs\jerryscript\jerry-core\ecma\builtin-objects\ecma-builtin-rangeerror.c">
      <Filter>JerryScript\core</Filter>
    </ClCompile>
    <ClCompile Include="..\..\3rdPartyLibs\jerryscript\jerry-core\ecma\builtin-objects\ecma-builtin-rangeerror-prototype.c">
      <Filter>JerryScript\core</Filter>
    </ClCompile>
    <ClCompile Include="..\..\3rdPartyLibs\jerryscript\jerry-core\ecma\builtin-objects\ecma-builtin-referenceerror.c">
      <Filter>JerryScript\core</Filter>
    </ClCompile>
    <ClCompile Include="..\..\3rdPartyLibs\jerryscript\jerry-core\ecma\builtin-objects\ecma-builtin-referenceerror-prototype.c">
      <Filter>JerryScript\core</Filter>
    </ClCompile>
    <ClCompile Include="..\..\3rdPartyLibs\jerryscript\jerry-core\ecma\builtin-objects\ecma-builtin-reflect.c">
      <Filter>JerryScript\core</Filter>
    </ClCompile>
    <ClCompile Include="..\..\3rdPartyLibs\jerryscript\jerry-core\ecma\builtin-objects\ecma-builtin-regexp.c">
      <Filter>JerryScript\core</Filter>
    </ClCompile>
    <ClCompile Include="..\..\3rdPartyLibs\jerryscript\jerry-core\ecma\builtin-objects\ecma-builtin-regexp-prototype.c">
      <Filter>JerryScript\core</Filter>
    </ClCompile>
    <ClCompile Include="..\..\3rdPartyLibs\jerryscript\jerry-core\ecma\builtin-objects\ecma-builtin-regexp-string-iterator-prototype.c">
      <Filter>JerryScript\core</Filter>
    </ClCompile>
    <ClCompile Include="..\..\3rdPartyLibs\jerryscript\jerry-core\ecma\builtin-objects\ecma-builtins.c">
      <Filter>JerryScript\core</Filter>
    </ClCompile>
    <ClCompile Include="..\..\3rdPartyLibs\jerryscript\jerry-core\ecma\builtin-objects\ecma-builtin-set.c">
      <Filter>JerryScript\core</Filter>
    </ClCompile>
    <ClCompile Include="..\..\3rdPartyLibs\jerryscript\jerry-core\ecma\builtin-objects\ecma-builtin-set-iterator-prototype.c">
      <Filter>JerryScript\core</Filter>
    </ClCompile>
    <ClCompile Include="..\..\3rdPartyLibs\jerryscript\jerry-core\ecma\builtin-objects\ecma-builtin-set-prototype.c">
      <Filter>JerryScript\core</Filter>
    </ClCompile>
    <ClCompile Include="..\..\3rdPartyLibs\jerryscript\jerry-core\ecma\builtin-objects\ecma-builtin-string.c">
      <Filter>JerryScript\core</Filter>
    </ClCompile>
    <ClCompile Include="..\..\3rdPartyLibs\jerryscript\jerry-core\ecma\builtin-objects\ecma-builtin-string-iterator-prototype.c">
      <Filter>JerryScript\core</Filter>
    </ClCompile>
    <ClCompile Include="..\..\3rdPartyLibs\jerryscript\jerry-core\ecma\builtin-objects\ecma-builtin-string-prototype.c">
      <Filter>JerryScript\core</Filter>
    </ClCompile>
    <ClCompile Include="..\..\3rdPartyLibs\jerryscript\jerry-core\ecma\builtin-objects\ecma-builtin-symbol.c">
      <Filter>JerryScript\core</Filter>
    </ClCompile>
    <ClCompile Include="..\..\3rdPartyLibs\jerryscript\jerry-core\ecma\builtin-objects\ecma-builtin-symbol-prototype.c">
      <Filter>JerryScript\core</Filter>
    </ClCompile>
    <ClCompile Include="..\..\3rdPartyLibs\jerryscript\jerry-core\ecma\builtin-objects\ecma-builtin-syntaxerror.c">
      <Filter>JerryScript\core</Filter>
    </ClCompile>
    <ClCompile Include="..\..\3rdPartyLibs\jerryscript\jerry-core\ecma\builtin-objects\ecma-builtin-syntaxerror-prototype.c">
      <Filter>JerryScript\core</Filter>
    </ClCompile>
    <ClCompile Include="..\..\3rdPartyLibs\jerryscript\jerry-core\ecma\builtin-objects\typedarray\ecma-builtin-typedarray.c">
      <Filter>JerryScript\core</Filter>
    </ClCompile>
    <ClCompile Include="..\..\3rdPartyLibs\jerryscript\jerry-core\ecma\builtin-objects\typedarray\ecma-builtin-typedarray-helpers.c">
      <Filter>JerryScript\core</Filter>
    </ClCompile>
    <ClCompile Include="..\..\3rdPartyLibs\jerryscript\jerry-core\ecma\builtin-objects\typedarray\ecma-builtin-typedarray-prototype.c">
      <Filter>JerryScript\core</Filter>
    </ClCompile>
    <ClCompile Include="..\..\3rdPartyLibs\jerryscript\jerry-core\ecma\builtin-objects\ecma-builtin-typeerror.c">
      <Filter>JerryScript\core</Filter>
    </ClCompile>
    <ClCompile Include="..\..\3rdPartyLibs\jerryscript\jerry-core\ecma\builtin-objects\ecma-builtin-typeerror-prototype.c">
      <Filter>JerryScript\core</Filter>
    </ClCompile>
    <ClCompile Include="..\..\3rdPartyLibs\jerryscript\jerry-core\ecma\builtin-objects\ecma-builtin-type-error-thrower.c">
      <Filter>JerryScript\core</Filter>
    </ClCompile>
    <ClCompile Include="..\..\3rdPartyLibs\jerryscript\jerry-core\ecma\builtin-objects\typedarray\ecma-builtin-uint8array.c">
      <Filter>JerryScript\core</Filter>
    </ClCompile>
    <ClCompile Include="..\..\3rdPartyLibs\jerryscript\jerry-core\ecma\builtin-objects\typedarray\ecma-builtin-uint8array-prototype.c">
      <Filter>JerryScript\core</Filter>
    </ClCompile>
    <ClCompile Include="..\..\3rdPartyLibs\jerryscript\jerry-core\ecma\builtin-objects\typedarray\ecma-builtin-uint8clampedarray.c">
      <Filter>JerryScript\core</Filter>
    </ClCompile>
    <ClCompile Include="..\..\3rdPartyLibs\jerryscript\jerry-core\ecma\builtin-objects\typedarray\ecma-builtin-uint8clampedarray-prototype.c">
      <Filter>JerryScript\core</Filter>
    </ClCompile>
    <ClCompile Include="..\..\3rdPartyLibs\jerryscript\jerry-core\ecma\builtin-objects\typedarray\ecma-builtin-uint16array.c">
      <Filter>JerryScript\core</Filter>
    </ClCompile>
    <ClCompile Include="..\..\3rdPartyLibs\jerryscript\jerry-core\ecma\builtin-objects\typedarray\ecma-builtin-uint16array-prototype.c">
      <Filter>JerryScript\core</Filter>
    </ClCompile>
    <ClCompile Include="..\..\3rdPartyLibs\jerryscript\jerry-core\ecma\builtin-objects\typedarray\ecma-builtin-uint32array.c">
      <Filter>JerryScript\core</Filter>
    </ClCompile>
    <ClCompile Include="..\..\3rdPartyLibs\jerryscript\jerry-core\ecma\builtin-objects\typedarray\ecma-builtin-uint32array-prototype.c">
      <Filter>JerryScript\core</Filter>
    </ClCompile>
    <ClCompile Include="..\..\3rdPartyLibs\jerryscript\jerry-core\ecma\builtin-objects\ecma-builtin-urierror.c">
      <Filter>JerryScript\core</Filter>
    </ClCompile>
    <ClCompile Include="..\..\3rdPartyLibs\jerryscript\jerry-core\ecma\builtin-objects\ecma-builtin-urierror-prototype.c">
      <Filter>JerryScript\core</Filter>
    </ClCompile>
    <ClCompile Include="..\..\3rdPartyLibs\jerryscript\jerry-core\ecma\builtin-objects\ecma-builtin-weakmap.c">
      <Filter>JerryScript\core</Filter>
    </ClCompile>
    <ClCompile Include="..\..\3rdPartyLibs\jerryscript\jerry-core\ecma\builtin-objects\ecma-builtin-weakmap-prototype.c">
      <Filter>JerryScript\core</Filter>
    </ClCompile>
    <ClCompile Include="..\..\3rdPartyLibs\jerryscript\jerry-core\ecma\builtin-objects\ecma-builtin-weakset.c">
      <Filter>JerryScript\core</Filter>
    </ClCompile>
    <ClCompile Include="..\..\3rdPartyLibs\jerryscript\jerry-core\ecma\builtin-objects\ecma-builtin-weakset-prototype.c">
      <Filter>JerryScript\core</Filter>
    </ClCompile>
    <ClCompile Include="..\..\3rdPartyLibs\jerryscript\jerry-core\ecma\operations\ecma-comparison.c">
      <Filter>JerryScript\core</Filter>
    </ClCompile>
    <ClCompile Include="..\..\3rdPartyLibs\jerryscript\jerry-core\ecma\operations\ecma-container-object.c">
      <Filter>JerryScript\core</Filter>
    </ClCompile>
    <ClCompile Include="..\..\3rdPartyLibs\jerryscript\jerry-core\ecma\operations\ecma-conversion.c">
      <Filter>JerryScript\core</Filter>
    </ClCompile>
    <ClCompile Include="..\..\3rdPartyLibs\jerryscript\jerry-core\ecma\operations\ecma-dataview-object.c">
      <Filter>JerryScript\core</Filter>
    </ClCompile>
    <ClCompile Include="..\..\3rdPartyLibs\jerryscript\jerry-core\ecma\operations\ecma-eval.c">
      <Filter>JerryScript\core</Filter>
    </ClCompile>
    <ClCompile Include="..\..\3rdPartyLibs\jerryscript\jerry-core\ecma\operations\ecma-exceptions.c">
      <Filter>JerryScript\core</Filter>
    </ClCompile>
    <ClCompile Include="..\..\3rdPartyLibs\jerryscript\jerry-core\ecma\operations\ecma-function-object.c">
      <Filter>JerryScript\core</Filter>
    </ClCompile>
    <ClCompile Include="..\..\3rdPartyLibs\jerryscript\jerry-core\ecma\base\ecma-gc.c">
      <Filter>JerryScript\core</Filter>
    </ClCompile>
    <ClCompile Include="..\..\3rdPartyLibs\jerryscript\jerry-core\ecma\operations\ecma-get-put-value.c">
      <Filter>JerryScript\core</Filter>
    </ClCompile>
    <ClCompile Include="..\..\3rdPartyLibs\jerryscript\jerry-core\ecma\base\ecma-helpers.c">
      <Filter>JerryScript\core</Filter>
    </ClCompile>
    <ClCompile Include="..\..\3rdPartyLibs\jerryscript\jerry-core\ecma\base\ecma-helpers-collection.c">
      <Filter>JerryScript\core</Filter>
    </ClCompile>
    <ClCompile Include="..\..\3rdPartyLibs\jerryscript\jerry-core\ecma\base\ecma-helpers-conversion.c">
      <Filter>JerryScript\core</Filter>
    </ClCompile>
    <ClCompile Include="..\..\3rdPartyLibs\jerryscript\jerry-core\ecma\base\ecma-helpers-errol.c">
      <Filter>JerryScript\core</Filter>
    </ClCompile>
    <ClCompile Include="..\..\3rdPartyLibs\jerryscript\jerry-core\ecma\base\ecma-helpers-external-pointers.c">
      <Filter>JerryScript\core</Filter>
    </ClCompile>
    <ClCompile Include="..\..\3rdPartyLibs\jerryscript\jerry-core\ecma\base\ecma-helpers-number.c">
      <Filter>JerryScript\core</Filter>
    </ClCompile>
    <ClCompile Include="..\..\3rdPartyLibs\jerryscript\jerry-core\ecma\base\ecma-helpers-string.c">
      <Filter>JerryScript\core</Filter>
    </ClCompile>
    <ClCompile Include="..\..\3rdPartyLibs\jerryscript\jerry-core\ecma\base\ecma-helpers-value.c">
      <Filter>JerryScript\core</Filter>
    </ClCompile>
    <ClCompile Include="..\..\3rdPartyLibs\jerryscript\jerry-core\ecma\base\ecma-init-finalize.c">
      <Filter>JerryScript\core</Filter>
    </ClCompile>
    <ClCompile Include="..\..\3rdPartyLibs\jerryscript\jerry-core\ecma\operations\ecma-iterator-object.c">
      <Filter>JerryScript\core</Filter>
    </ClCompile>
    <ClCompile Include="..\..\3rdPartyLibs\jerryscript\jerry-core\ecma\operations\ecma-jobqueue.c">
      <Filter>JerryScript\core</Filter>
    </ClCompile>
    <ClCompile Include="..\..\3rdPartyLibs\jerryscript\jerry-core\ecma\base\ecma-lcache.c">
      <Filter>JerryScript\core</Filter>
    </ClCompile>
    <ClCompile Include="..\..\3rdPartyLibs\jerryscript\jerry-core\ecma\operations\ecma-lex-env.c">
      <Filter>JerryScript\core</Filter>
    </ClCompile>
    <ClCompile Include="..\..\3rdPartyLibs\jerryscript\jerry-core\ecma\base\ecma-literal-storage.c">
      <Filter>JerryScript\core</Filter>
    </ClCompile>
    <ClCompile Include="..\..\3rdPartyLibs\jerryscript\jerry-core\ecma\base\ecma-module.c">
      <Filter>JerryScript\core</Filter>
    </ClCompile>
    <ClCompile Include="..\..\3rdPartyLibs\jerryscript\jerry-core\ecma\operations\ecma-number-arithmetic.c">
      <Filter>JerryScript\core</Filter>
    </ClCompile>
    <ClCompile Include="..\..\3rdPartyLibs\jerryscript\jerry-core\ecma\operations\ecma-number-object.c">
      <Filter>JerryScript\core</Filter>
    </ClCompile>
    <ClCompile Include="..\..\3rdPartyLibs\jerryscript\jerry-core\ecma\operations\ecma-objects.c">
      <Filter>JerryScript\core</Filter>
    </ClCompile>
    <ClCompile Include="..\..\3rdPartyLibs\jerryscript\jerry-core\ecma\operations\ecma-objects-general.c">
      <Filter>JerryScript\core</Filter>
    </ClCompile>
    <ClCompile Include="..\..\3rdPartyLibs\jerryscript\jerry-core\ecma\operations\ecma-promise-object.c">
      <Filter>JerryScript\core</Filter>
    </ClCompile>
    <ClCompile Include="..\..\3rdPartyLibs\jerryscript\jerry-core\ecma\base\ecma-property-hashmap.c">
      <Filter>JerryScript\core</Filter>
    </ClCompile>
    <ClCompile Include="..\..\3rdPartyLibs\jerryscript\jerry-core\ecma\operations\ecma-proxy-object.c">
      <Filter>JerryScript\core</Filter>
    </ClCompile>
    <ClCompile Include="..\..\3rdPartyLibs\jerryscript\jerry-core\ecma\operations\ecma-reference.c">
      <Filter>JerryScript\core</Filter>
    </ClCompile>
    <ClCompile Include="..\..\3rdPartyLibs\jerryscript\jerry-core\ecma\operations\ecma-regexp-object.c">
      <Filter>JerryScript\core</Filter>
    </ClCompile>
    <ClCompile Include="..\..\3rdPartyLibs\jerryscript\jerry-core\ecma\operations\ecma-string-object.c">
      <Filter>JerryScript\core</Filter>
    </ClCompile>
    <ClCompile Include="..\..\3rdPartyLibs\jerryscript\jerry-core\ecma\operations\ecma-symbol-object.c">
      <Filter>JerryScript\core</Filter>
    </ClCompile>
    <ClCompile Include="..\..\3rdPartyLibs\jerryscript\jerry-core\ecma\operations\ecma-typedarray-object.c">
      <Filter>JerryScript\core</Filter>
    </ClCompile>
    <ClCompile Include="..\..\3rdPartyLibs\jerryscript\jerry-core\jcontext\jcontext.c">
      <Filter>JerryScript\core</Filter>
    </ClCompile>
    <ClCompile Include="..\..\3rdPartyLibs\jerryscript\jerry-core\api\jerry.c">
      <Filter>JerryScript\core</Filter>
    </ClCompile>
    <ClCompile Include="..\..\3rdPartyLibs\jerryscript\jerry-core\api\jerry-debugger.c">
      <Filter>JerryScript\core</Filter>
    </ClCompile>
    <ClCompile Include="..\..\3rdPartyLibs\jerryscript\jerry-core\api\jerry-debugger-transport.c">
      <Filter>JerryScript\core</Filter>
    </ClCompile>
    <ClCompile Include="..\..\3rdPartyLibs\jerryscript\jerry-core\api\jerry-snapshot.c">
      <Filter>JerryScript\core</Filter>
    </ClCompile>
    <ClCompile Include="..\..\3rdPartyLibs\jerryscript\jerry-core\jmem\jmem-allocator.c">
      <Filter>JerryScript\core</Filter>
    </ClCompile>
    <ClCompile Include="..\..\3rdPartyLibs\jerryscript\jerry-core\jmem\jmem-heap.c">
      <Filter>JerryScript\core</Filter>
    </ClCompile>
    <ClCompile Include="..\..\3rdPartyLibs\jerryscript\jerry-core\jmem\jmem-poolman.c">
      <Filter>JerryScript\core</Filter>
    </ClCompile>
    <ClCompile Include="..\..\3rdPartyLibs\jerryscript\jerry-core\jrt\jrt-fatals.c">
      <Filter>JerryScript\core</Filter>
    </ClCompile>
    <ClCompile Include="..\..\3rdPartyLibs\jerryscript\jerry-core\parser\js\js-lexer.c">
      <Filter>JerryScript\core</Filter>
    </ClCompile>
    <ClCompile Include="..\..\3rdPartyLibs\jerryscript\jerry-core\parser\js\js-parser.c">
      <Filter>JerryScript\core</Filter>
    </ClCompile>
    <ClCompile Include="..\..\3rdPartyLibs\jerryscript\jerry-core\parser\js\js-parser-expr.c">
      <Filter>JerryScript\core</Filter>
    </ClCompile>
    <ClCompile Include="..\..\3rdPartyLibs\jerryscript\jerry-core\parser\js\js-parser-mem.c">
      <Filter>JerryScript\core</Filter>
    </ClCompile>
    <ClCompile Include="..\..\3rdPartyLibs\jerryscript\jerry-core\parser\js\js-parser-module.c">
      <Filter>JerryScript\core</Filter>
    </ClCompile>
    <ClCompile Include="..\..\3rdPartyLibs\jerryscript\jerry-core\parser\js\js-parser-statm.c">
      <Filter>JerryScript\core</Filter>
    </ClCompile>
    <ClCompile Include="..\..\3rdPartyLibs\jerryscript\jerry-core\parser\js\js-parser-tagged-template-literal.c">
      <Filter>JerryScript\core</Filter>
    </ClCompile>
    <ClCompile Include="..\..\3rdPartyLibs\jerryscript\jerry-core\parser\js\js-parser-util.c">
      <Filter>JerryScript\core</Filter>
    </ClCompile>
    <ClCompile Include="..\..\3rdPartyLibs\jerryscript\jerry-core\parser\js\js-scanner.c">
      <Filter>JerryScript\core</Filter>
    </ClCompile>
    <ClCompile Include="..\..\3rdPartyLibs\jerryscript\jerry-core\parser\js\js-scanner-ops.c">
      <Filter>JerryScript\core</Filter>
    </ClCompile>
    <ClCompile Include="..\..\3rdPartyLibs\jerryscript\jerry-core\parser\js\js-scanner-util.c">
      <Filter>JerryScript\core</Filter>
    </ClCompile>
    <ClCompile Include="..\..\3rdPartyLibs\jerryscript\jerry-core\lit\lit-char-helpers.c">
      <Filter>JerryScript\core</Filter>
    </ClCompile>
    <ClCompile Include="..\..\3rdPartyLibs\jerryscript\jerry-core\lit\lit-magic-strings.c">
      <Filter>JerryScript\core</Filter>
    </ClCompile>
    <ClCompile Include="..\..\3rdPartyLibs\jerryscript\jerry-core\lit\lit-strings.c">
      <Filter>JerryScript\core</Filter>
    </ClCompile>
    <ClCompile Include="..\..\3rdPartyLibs\jerryscript\jerry-core\vm\opcodes.c">
      <Filter>JerryScript\core</Filter>
    </ClCompile>
    <ClCompile Include="..\..\3rdPartyLibs\jerryscript\jerry-core\vm\opcodes-ecma-arithmetics.c">
      <Filter>JerryScript\core</Filter>
    </ClCompile>
    <ClCompile Include="..\..\3rdPartyLibs\jerryscript\jerry-core\vm\opcodes-ecma-bitwise.c">
      <Filter>JerryScript\core</Filter>
    </ClCompile>
    <ClCompile Include="..\..\3rdPartyLibs\jerryscript\jerry-core\vm\opcodes-ecma-relational-equality.c">
      <Filter>JerryScript\core</Filter>
    </ClCompile>
    <ClCompile Include="..\..\3rdPartyLibs\jerryscript\jerry-core\parser\regexp\re-bytecode.c">
      <Filter>JerryScript\core</Filter>
    </ClCompile>
    <ClCompile Include="..\..\3rdPartyLibs\jerryscript\jerry-core\parser\regexp\re-compiler.c">
      <Filter>JerryScript\core</Filter>
    </ClCompile>
    <ClCompile Include="..\..\3rdPartyLibs\jerryscript\jerry-core\parser\regexp\re-parser.c">
      <Filter>JerryScript\core</Filter>
    </ClCompile>
    <ClCompile Include="..\..\3rdPartyLibs\jerryscript\jerry-core\vm\vm.c">
      <Filter>JerryScript\core</Filter>
    </ClCompile>
    <ClCompile Include="..\..\3rdPartyLibs\jerryscript\jerry-core\vm\vm-stack.c">
      <Filter>JerryScript\core</Filter>
    </ClCompile>
    <ClCompile Include="..\..\3rdPartyLibs\jerryscript\jerry-core\vm\vm-utils.c">
      <Filter>JerryScript\core</Filter>
    </ClCompile>
    <ClCompile Include="..\..\3rdPartyLibs\jerryscript\jerry-ext\arg\arg.c">
      <Filter>JerryScript\ext</Filter>
    </ClCompile>
    <ClCompile Include="..\..\3rdPartyLibs\jerryscript\jerry-ext\arg\arg-js-iterator-helper.c">
      <Filter>JerryScript\ext</Filter>
    </ClCompile>
    <ClCompile Include="..\..\3rdPartyLibs\jerryscript\jerry-ext\arg\arg-transform-functions.c">
      <Filter>JerryScript\ext</Filter>
    </ClCompile>
    <ClCompile Include="..\..\3rdPartyLibs\jerryscript\jerry-ext\debugger\debugger-common.c">
      <Filter>JerryScript\ext</Filter>
    </ClCompile>
    <ClCompile Include="..\..\3rdPartyLibs\jerryscript\jerry-ext\debugger\debugger-rp.c">
      <Filter>JerryScript\ext</Filter>
    </ClCompile>
    <ClCompile Include="..\..\3rdPartyLibs\jerryscript\jerry-ext\debugger\debugger-serial.c">
      <Filter>JerryScript\ext</Filter>
    </ClCompile>
    <ClCompile Include="..\..\3rdPartyLibs\jerryscript\jerry-ext\debugger\debugger-sha1.c">
      <Filter>JerryScript\ext</Filter>
    </ClCompile>
    <ClCompile Include="..\..\3rdPartyLibs\jerryscript\jerry-ext\debugger\debugger-tcp.c">
      <Filter>JerryScript\ext</Filter>
    </ClCompile>
    <ClCompile Include="..\..\3rdPartyLibs\jerryscript\jerry-ext\debugger\debugger-ws.c">
      <Filter>JerryScript\ext</Filter>
    </ClCompile>
    <ClCompile Include="..\..\3rdPartyLibs\jerryscript\jerry-ext\handler\handler-assert.c">
      <Filter>JerryScript\ext</Filter>
    </ClCompile>
    <ClCompile Include="..\..\3rdPartyLibs\jerryscript\jerry-ext\handler\handler-gc.c">
      <Filter>JerryScript\ext</Filter>
    </ClCompile>
    <ClCompile Include="..\..\3rdPartyLibs\jerryscript\jerry-ext\handler\handler-print.c">
      <Filter>JerryScript\ext</Filter>
    </ClCompile>
    <ClCompile Include="..\..\3rdPartyLibs\jerryscript\jerry-ext\handler\handler-register.c">
      <Filter>JerryScript\ext</Filter>
    </ClCompile>
    <ClCompile Include="..\..\3rdPartyLibs\jerryscript\jerry-ext\handler\handler-resource-name.c">
      <Filter>JerryScript\ext</Filter>
    </ClCompile>
    <ClCompile Include="..\..\3rdPartyLibs\jerryscript\jerry-ext\handle-scope\handle-scope.c">
      <Filter>JerryScript\ext</Filter>
    </ClCompile>
    <ClCompile Include="..\..\3rdPartyLibs\jerryscript\jerry-ext\handle-scope\handle-scope-allocator.c">
      <Filter>JerryScript\ext</Filter>
    </ClCompile>
    <ClCompile Include="..\..\3rdPartyLibs\jerryscript\jerry-ext\module\module.c">
      <Filter>JerryScript\ext</Filter>
    </ClCompile>
    <ClCompile Include="..\..\3rdPartyLibs\jerryscript\jerry-port\default\default-date.c">
      <Filter>JerryScript\port</Filter>
    </ClCompile>
    <ClCompile Include="..\..\3rdPartyLibs\jerryscript\jerry-port\default\default-debugger.c">
      <Filter>JerryScript\port</Filter>
    </ClCompile>
    <ClCompile Include="..\..\3rdPartyLibs\jerryscript\jerry-port\default\default-external-context.c">
      <Filter>JerryScript\port</Filter>
    </ClCompile>
    <ClCompile Include="..\..\3rdPartyLibs\jerryscript\jerry-port\default\default-fatal.c">
      <Filter>JerryScript\port</Filter>
    </ClCompile>
    <ClCompile Include="..\..\3rdPartyLibs\jerryscript\jerry-port\default\default-io.c">
      <Filter>JerryScript\port</Filter>
    </ClCompile>
    <ClCompile Include="..\..\3rdPartyLibs\jerryscript\jerry-port\default\default-module.c">
      <Filter>JerryScript\port</Filter>
    </ClCompile>
    <ClCompile Include="..\..\3rdPartyLibs\jerryscript\jerry-port\default\default-promise.c">
      <Filter>JerryScript\port</Filter>
    </ClCompile>
  </ItemGroup>
</Project>