<?xml version="1.0" encoding="utf-8"?>
<Project ToolsVersion="4.0" xmlns="http://schemas.microsoft.com/developer/msbuild/2003">
  <ItemGroup>
    <Filter Include="PugiXML">
      <UniqueIdentifier>{8f732f59-0cba-4b33-bc23-df5cb612bfaa}</UniqueIdentifier>
    </Filter>
    <Filter Include="LibPNG">
      <UniqueIdentifier>{8b4cabfb-fa8b-4340-90ff-87360cfb27ad}</UniqueIdentifier>
    </Filter>
    <Filter Include="ZLib">
      <UniqueIdentifier>{d413fcdd-4cdb-4169-b7e5-a535a91ae01e}</UniqueIdentifier>
    </Filter>
    <Filter Include="StackWalker">
      <UniqueIdentifier>{76319c5c-ee25-4822-a2b1-0ee90cec9d05}</UniqueIdentifier>
    </Filter>
    <Filter Include="FreeType">
      <UniqueIdentifier>{2adc6085-5119-4139-8270-da789a853aa1}</UniqueIdentifier>
    </Filter>
    <Filter Include="FreeType\Header Files">
      <UniqueIdentifier>{e74dc45b-fb44-4fce-8267-5209a219a0f8}</UniqueIdentifier>
    </Filter>
    <Filter Include="FreeType\Source Files">
      <UniqueIdentifier>{61aea020-b889-42cc-914f-ac05f42d17ce}</UniqueIdentifier>
    </Filter>
    <Filter Include="FreeType\Source Files\FT_MODULES">
      <UniqueIdentifier>{912d9c05-11e4-4df6-a4ab-c008c0480ccf}</UniqueIdentifier>
    </Filter>
    <Filter Include="Box2D">
      <UniqueIdentifier>{0b6ce737-398c-480d-916c-82318c071e61}</UniqueIdentifier>
    </Filter>
    <Filter Include="rapidjson">
      <UniqueIdentifier>{140584e6-bedb-4d3e-962a-cb225d7c934b}</UniqueIdentifier>
    </Filter>
  </ItemGroup>
  <ItemGroup>
    <ClInclude Include="..\..\3rdPartyLibs\PugiXml\pugiconfig.hpp">
      <Filter>PugiXML</Filter>
    </ClInclude>
    <ClInclude Include="..\..\3rdPartyLibs\PugiXml\pugixml.hpp">
      <Filter>PugiXML</Filter>
    </ClInclude>
    <ClInclude Include="..\..\3rdPartyLibs\LibPNG\png.h">
      <Filter>LibPNG</Filter>
    </ClInclude>
    <ClInclude Include="..\..\3rdPartyLibs\LibPNG\pngconf.h">
      <Filter>LibPNG</Filter>
    </ClInclude>
    <ClInclude Include="..\..\3rdPartyLibs\Zlib\crc32.h">
      <Filter>ZLib</Filter>
    </ClInclude>
    <ClInclude Include="..\..\3rdPartyLibs\Zlib\crypt.h">
      <Filter>ZLib</Filter>
    </ClInclude>
    <ClInclude Include="..\..\3rdPartyLibs\Zlib\deflate.h">
      <Filter>ZLib</Filter>
    </ClInclude>
    <ClInclude Include="..\..\3rdPartyLibs\Zlib\inffast.h">
      <Filter>ZLib</Filter>
    </ClInclude>
    <ClInclude Include="..\..\3rdPartyLibs\Zlib\inffixed.h">
      <Filter>ZLib</Filter>
    </ClInclude>
    <ClInclude Include="..\..\3rdPartyLibs\Zlib\inflate.h">
      <Filter>ZLib</Filter>
    </ClInclude>
    <ClInclude Include="..\..\3rdPartyLibs\Zlib\inftrees.h">
      <Filter>ZLib</Filter>
    </ClInclude>
    <ClInclude Include="..\..\3rdPartyLibs\Zlib\ioapi.h">
      <Filter>ZLib</Filter>
    </ClInclude>
    <ClInclude Include="..\..\3rdPartyLibs\Zlib\trees.h">
      <Filter>ZLib</Filter>
    </ClInclude>
    <ClInclude Include="..\..\3rdPartyLibs\Zlib\unzip.h">
      <Filter>ZLib</Filter>
    </ClInclude>
    <ClInclude Include="..\..\3rdPartyLibs\Zlib\zconf.h">
      <Filter>ZLib</Filter>
    </ClInclude>
    <ClInclude Include="..\..\3rdPartyLibs\Zlib\zconf.in.h">
      <Filter>ZLib</Filter>
    </ClInclude>
    <ClInclude Include="..\..\3rdPartyLibs\Zlib\zip.h">
      <Filter>ZLib</Filter>
    </ClInclude>
    <ClInclude Include="..\..\3rdPartyLibs\Zlib\zlib.h">
      <Filter>ZLib</Filter>
    </ClInclude>
    <ClInclude Include="..\..\3rdPartyLibs\Zlib\zutil.h">
      <Filter>ZLib</Filter>
    </ClInclude>
    <ClInclude Include="..\..\3rdPartyLibs\freetype\include\ft2build.h">
      <Filter>FreeType\Header Files</Filter>
    </ClInclude>
    <ClInclude Include="..\..\3rdPartyLibs\freetype\include\config\ftconfig.h">
      <Filter>FreeType\Header Files</Filter>
    </ClInclude>
    <ClInclude Include="..\..\3rdPartyLibs\freetype\include\config\ftheader.h">
      <Filter>FreeType\Header Files</Filter>
    </ClInclude>
    <ClInclude Include="..\..\3rdPartyLibs\freetype\include\config\ftmodule.h">
      <Filter>FreeType\Header Files</Filter>
    </ClInclude>
    <ClInclude Include="..\..\3rdPartyLibs\freetype\include\config\ftoption.h">
      <Filter>FreeType\Header Files</Filter>
    </ClInclude>
    <ClInclude Include="..\..\3rdPartyLibs\freetype\include\config\ftstdlib.h">
      <Filter>FreeType\Header Files</Filter>
    </ClInclude>
    <ClInclude Include="..\..\3rdPartyLibs\StackWalker\StackWalker.h">
      <Filter>StackWalker</Filter>
    </ClInclude>
    <ClInclude Include="..\..\3rdPartyLibs\Box2D\Box2D.h">
      <Filter>Box2D</Filter>
    </ClInclude>
    <ClInclude Include="..\..\3rdPartyLibs\Box2D\Collision\b2BroadPhase.h">
      <Filter>Box2D</Filter>
    </ClInclude>
    <ClInclude Include="..\..\3rdPartyLibs\Box2D\Collision\b2Collision.h">
      <Filter>Box2D</Filter>
    </ClInclude>
    <ClInclude Include="..\..\3rdPartyLibs\Box2D\Collision\b2Distance.h">
      <Filter>Box2D</Filter>
    </ClInclude>
    <ClInclude Include="..\..\3rdPartyLibs\Box2D\Collision\b2DynamicTree.h">
      <Filter>Box2D</Filter>
    </ClInclude>
    <ClInclude Include="..\..\3rdPartyLibs\Box2D\Collision\b2TimeOfImpact.h">
      <Filter>Box2D</Filter>
    </ClInclude>
    <ClInclude Include="..\..\3rdPartyLibs\Box2D\Collision\Shapes\b2ChainShape.h">
      <Filter>Box2D</Filter>
    </ClInclude>
    <ClInclude Include="..\..\3rdPartyLibs\Box2D\Collision\Shapes\b2CircleShape.h">
      <Filter>Box2D</Filter>
    </ClInclude>
    <ClInclude Include="..\..\3rdPartyLibs\Box2D\Collision\Shapes\b2EdgeShape.h">
      <Filter>Box2D</Filter>
    </ClInclude>
    <ClInclude Include="..\..\3rdPartyLibs\Box2D\Collision\Shapes\b2PolygonShape.h">
      <Filter>Box2D</Filter>
    </ClInclude>
    <ClInclude Include="..\..\3rdPartyLibs\Box2D\Collision\Shapes\b2Shape.h">
      <Filter>Box2D</Filter>
    </ClInclude>
    <ClInclude Include="..\..\3rdPartyLibs\Box2D\Common\b2BlockAllocator.h">
      <Filter>Box2D</Filter>
    </ClInclude>
    <ClInclude Include="..\..\3rdPartyLibs\Box2D\Common\b2Draw.h">
      <Filter>Box2D</Filter>
    </ClInclude>
    <ClInclude Include="..\..\3rdPartyLibs\Box2D\Common\b2GrowableStack.h">
      <Filter>Box2D</Filter>
    </ClInclude>
    <ClInclude Include="..\..\3rdPartyLibs\Box2D\Common\b2Math.h">
      <Filter>Box2D</Filter>
    </ClInclude>
    <ClInclude Include="..\..\3rdPartyLibs\Box2D\Common\b2Settings.h">
      <Filter>Box2D</Filter>
    </ClInclude>
    <ClInclude Include="..\..\3rdPartyLibs\Box2D\Common\b2StackAllocator.h">
      <Filter>Box2D</Filter>
    </ClInclude>
    <ClInclude Include="..\..\3rdPartyLibs\Box2D\Common\b2Timer.h">
      <Filter>Box2D</Filter>
    </ClInclude>
    <ClInclude Include="..\..\3rdPartyLibs\Box2D\Dynamics\b2Body.h">
      <Filter>Box2D</Filter>
    </ClInclude>
    <ClInclude Include="..\..\3rdPartyLibs\Box2D\Dynamics\b2ContactManager.h">
      <Filter>Box2D</Filter>
    </ClInclude>
    <ClInclude Include="..\..\3rdPartyLibs\Box2D\Dynamics\b2Fixture.h">
      <Filter>Box2D</Filter>
    </ClInclude>
    <ClInclude Include="..\..\3rdPartyLibs\Box2D\Dynamics\b2Island.h">
      <Filter>Box2D</Filter>
    </ClInclude>
    <ClInclude Include="..\..\3rdPartyLibs\Box2D\Dynamics\b2TimeStep.h">
      <Filter>Box2D</Filter>
    </ClInclude>
    <ClInclude Include="..\..\3rdPartyLibs\Box2D\Dynamics\b2World.h">
      <Filter>Box2D</Filter>
    </ClInclude>
    <ClInclude Include="..\..\3rdPartyLibs\Box2D\Dynamics\b2WorldCallbacks.h">
      <Filter>Box2D</Filter>
    </ClInclude>
    <ClInclude Include="..\..\3rdPartyLibs\Box2D\Dynamics\Contacts\b2ChainAndCircleContact.h">
      <Filter>Box2D</Filter>
    </ClInclude>
    <ClInclude Include="..\..\3rdPartyLibs\Box2D\Dynamics\Contacts\b2ChainAndPolygonContact.h">
      <Filter>Box2D</Filter>
    </ClInclude>
    <ClInclude Include="..\..\3rdPartyLibs\Box2D\Dynamics\Contacts\b2CircleContact.h">
      <Filter>Box2D</Filter>
    </ClInclude>
    <ClInclude Include="..\..\3rdPartyLibs\Box2D\Dynamics\Contacts\b2Contact.h">
      <Filter>Box2D</Filter>
    </ClInclude>
    <ClInclude Include="..\..\3rdPartyLibs\Box2D\Dynamics\Contacts\b2ContactSolver.h">
      <Filter>Box2D</Filter>
    </ClInclude>
    <ClInclude Include="..\..\3rdPartyLibs\Box2D\Dynamics\Contacts\b2EdgeAndCircleContact.h">
      <Filter>Box2D</Filter>
    </ClInclude>
    <ClInclude Include="..\..\3rdPartyLibs\Box2D\Dynamics\Contacts\b2EdgeAndPolygonContact.h">
      <Filter>Box2D</Filter>
    </ClInclude>
    <ClInclude Include="..\..\3rdPartyLibs\Box2D\Dynamics\Contacts\b2PolygonAndCircleContact.h">
      <Filter>Box2D</Filter>
    </ClInclude>
    <ClInclude Include="..\..\3rdPartyLibs\Box2D\Dynamics\Contacts\b2PolygonContact.h">
      <Filter>Box2D</Filter>
    </ClInclude>
    <ClInclude Include="..\..\3rdPartyLibs\Box2D\Dynamics\Joints\b2DistanceJoint.h">
      <Filter>Box2D</Filter>
    </ClInclude>
    <ClInclude Include="..\..\3rdPartyLibs\Box2D\Dynamics\Joints\b2FrictionJoint.h">
      <Filter>Box2D</Filter>
    </ClInclude>
    <ClInclude Include="..\..\3rdPartyLibs\Box2D\Dynamics\Joints\b2GearJoint.h">
      <Filter>Box2D</Filter>
    </ClInclude>
    <ClInclude Include="..\..\3rdPartyLibs\Box2D\Dynamics\Joints\b2Joint.h">
      <Filter>Box2D</Filter>
    </ClInclude>
    <ClInclude Include="..\..\3rdPartyLibs\Box2D\Dynamics\Joints\b2MotorJoint.h">
      <Filter>Box2D</Filter>
    </ClInclude>
    <ClInclude Include="..\..\3rdPartyLibs\Box2D\Dynamics\Joints\b2MouseJoint.h">
      <Filter>Box2D</Filter>
    </ClInclude>
    <ClInclude Include="..\..\3rdPartyLibs\Box2D\Dynamics\Joints\b2PrismaticJoint.h">
      <Filter>Box2D</Filter>
    </ClInclude>
    <ClInclude Include="..\..\3rdPartyLibs\Box2D\Dynamics\Joints\b2PulleyJoint.h">
      <Filter>Box2D</Filter>
    </ClInclude>
    <ClInclude Include="..\..\3rdPartyLibs\Box2D\Dynamics\Joints\b2RevoluteJoint.h">
      <Filter>Box2D</Filter>
    </ClInclude>
    <ClInclude Include="..\..\3rdPartyLibs\Box2D\Dynamics\Joints\b2RopeJoint.h">
      <Filter>Box2D</Filter>
    </ClInclude>
    <ClInclude Include="..\..\3rdPartyLibs\Box2D\Dynamics\Joints\b2WeldJoint.h">
      <Filter>Box2D</Filter>
    </ClInclude>
    <ClInclude Include="..\..\3rdPartyLibs\Box2D\Dynamics\Joints\b2WheelJoint.h">
      <Filter>Box2D</Filter>
    </ClInclude>
    <ClInclude Include="..\..\3rdPartyLibs\Box2D\Rope\b2Rope.h">
      <Filter>Box2D</Filter>
    </ClInclude>
    <ClInclude Include="..\..\3rdPartyLibs\rapidjson\include\rapidjson\allocators.h">
      <Filter>rapidjson</Filter>
    </ClInclude>
    <ClInclude Include="..\..\3rdPartyLibs\rapidjson\include\rapidjson\cursorstreamwrapper.h">
      <Filter>rapidjson</Filter>
    </ClInclude>
    <ClInclude Include="..\..\3rdPartyLibs\rapidjson\include\rapidjson\document.h">
      <Filter>rapidjson</Filter>
    </ClInclude>
    <ClInclude Include="..\..\3rdPartyLibs\rapidjson\include\rapidjson\encodedstream.h">
      <Filter>rapidjson</Filter>
    </ClInclude>
    <ClInclude Include="..\..\3rdPartyLibs\rapidjson\include\rapidjson\encodings.h">
      <Filter>rapidjson</Filter>
    </ClInclude>
    <ClInclude Include="..\..\3rdPartyLibs\rapidjson\include\rapidjson\error\en.h">
      <Filter>rapidjson</Filter>
    </ClInclude>
    <ClInclude Include="..\..\3rdPartyLibs\rapidjson\include\rapidjson\error\error.h">
      <Filter>rapidjson</Filter>
    </ClInclude>
    <ClInclude Include="..\..\3rdPartyLibs\rapidjson\include\rapidjson\filereadstream.h">
      <Filter>rapidjson</Filter>
    </ClInclude>
    <ClInclude Include="..\..\3rdPartyLibs\rapidjson\include\rapidjson\filewritestream.h">
      <Filter>rapidjson</Filter>
    </ClInclude>
    <ClInclude Include="..\..\3rdPartyLibs\rapidjson\include\rapidjson\fwd.h">
      <Filter>rapidjson</Filter>
    </ClInclude>
    <ClInclude Include="..\..\3rdPartyLibs\rapidjson\include\rapidjson\internal\biginteger.h">
      <Filter>rapidjson</Filter>
    </ClInclude>
    <ClInclude Include="..\..\3rdPartyLibs\rapidjson\include\rapidjson\internal\clzll.h">
      <Filter>rapidjson</Filter>
    </ClInclude>
    <ClInclude Include="..\..\3rdPartyLibs\rapidjson\include\rapidjson\internal\diyfp.h">
      <Filter>rapidjson</Filter>
    </ClInclude>
    <ClInclude Include="..\..\3rdPartyLibs\rapidjson\include\rapidjson\internal\dtoa.h">
      <Filter>rapidjson</Filter>
    </ClInclude>
    <ClInclude Include="..\..\3rdPartyLibs\rapidjson\include\rapidjson\internal\ieee754.h">
      <Filter>rapidjson</Filter>
    </ClInclude>
    <ClInclude Include="..\..\3rdPartyLibs\rapidjson\include\rapidjson\internal\itoa.h">
      <Filter>rapidjson</Filter>
    </ClInclude>
    <ClInclude Include="..\..\3rdPartyLibs\rapidjson\include\rapidjson\internal\meta.h">
      <Filter>rapidjson</Filter>
    </ClInclude>
    <ClInclude Include="..\..\3rdPartyLibs\rapidjson\include\rapidjson\internal\pow10.h">
      <Filter>rapidjson</Filter>
    </ClInclude>
    <ClInclude Include="..\..\3rdPartyLibs\rapidjson\include\rapidjson\internal\regex.h">
      <Filter>rapidjson</Filter>
    </ClInclude>
    <ClInclude Include="..\..\3rdPartyLibs\rapidjson\include\rapidjson\internal\stack.h">
      <Filter>rapidjson</Filter>
    </ClInclude>
    <ClInclude Include="..\..\3rdPartyLibs\rapidjson\include\rapidjson\internal\strfunc.h">
      <Filter>rapidjson</Filter>
    </ClInclude>
    <ClInclude Include="..\..\3rdPartyLibs\rapidjson\include\rapidjson\internal\strtod.h">
      <Filter>rapidjson</Filter>
    </ClInclude>
    <ClInclude Include="..\..\3rdPartyLibs\rapidjson\include\rapidjson\internal\swap.h">
      <Filter>rapidjson</Filter>
    </ClInclude>
    <ClInclude Include="..\..\3rdPartyLibs\rapidjson\include\rapidjson\istreamwrapper.h">
      <Filter>rapidjson</Filter>
    </ClInclude>
    <ClInclude Include="..\..\3rdPartyLibs\rapidjson\include\rapidjson\memorybuffer.h">
      <Filter>rapidjson</Filter>
    </ClInclude>
    <ClInclude Include="..\..\3rdPartyLibs\rapidjson\include\rapidjson\memorystream.h">
      <Filter>rapidjson</Filter>
    </ClInclude>
    <ClInclude Include="..\..\3rdPartyLibs\rapidjson\include\rapidjson\msinttypes\inttypes.h">
      <Filter>rapidjson</Filter>
    </ClInclude>
    <ClInclude Include="..\..\3rdPartyLibs\rapidjson\include\rapidjson\msinttypes\stdint.h">
      <Filter>rapidjson</Filter>
    </ClInclude>
    <ClInclude Include="..\..\3rdPartyLibs\rapidjson\include\rapidjson\ostreamwrapper.h">
      <Filter>rapidjson</Filter>
    </ClInclude>
    <ClInclude Include="..\..\3rdPartyLibs\rapidjson\include\rapidjson\pointer.h">
      <Filter>rapidjson</Filter>
    </ClInclude>
    <ClInclude Include="..\..\3rdPartyLibs\rapidjson\include\rapidjson\prettywriter.h">
      <Filter>rapidjson</Filter>
    </ClInclude>
    <ClInclude Include="..\..\3rdPartyLibs\rapidjson\include\rapidjson\rapidjson.h">
      <Filter>rapidjson</Filter>
    </ClInclude>
    <ClInclude Include="..\..\3rdPartyLibs\rapidjson\include\rapidjson\reader.h">
      <Filter>rapidjson</Filter>
    </ClInclude>
    <ClInclude Include="..\..\3rdPartyLibs\rapidjson\include\rapidjson\schema.h">
      <Filter>rapidjson</Filter>
    </ClInclude>
    <ClInclude Include="..\..\3rdPartyLibs\rapidjson\include\rapidjson\stream.h">
      <Filter>rapidjson</Filter>
    </ClInclude>
    <ClInclude Include="..\..\3rdPartyLibs\rapidjson\include\rapidjson\stringbuffer.h">
      <Filter>rapidjson</Filter>
    </ClInclude>
    <ClInclude Include="..\..\3rdPartyLibs\rapidjson\include\rapidjson\writer.h">
      <Filter>rapidjson</Filter>
    </ClInclude>
  </ItemGroup>
  <ItemGroup>
    <ClCompile Include="..\..\3rdPartyLibs\PugiXml\pugixml.cpp">
      <Filter>PugiXML</Filter>
    </ClCompile>
    <ClCompile Include="..\..\3rdPartyLibs\LibPNG\png.c">
      <Filter>LibPNG</Filter>
    </ClCompile>
    <ClCompile Include="..\..\3rdPartyLibs\LibPNG\pngerror.c">
      <Filter>LibPNG</Filter>
    </ClCompile>
    <ClCompile Include="..\..\3rdPartyLibs\LibPNG\pnggccrd.c">
      <Filter>LibPNG</Filter>
    </ClCompile>
    <ClCompile Include="..\..\3rdPartyLibs\LibPNG\pngget.c">
      <Filter>LibPNG</Filter>
    </ClCompile>
    <ClCompile Include="..\..\3rdPartyLibs\LibPNG\pngmem.c">
      <Filter>LibPNG</Filter>
    </ClCompile>
    <ClCompile Include="..\..\3rdPartyLibs\LibPNG\pngpread.c">
      <Filter>LibPNG</Filter>
    </ClCompile>
    <ClCompile Include="..\..\3rdPartyLibs\LibPNG\pngread.c">
      <Filter>LibPNG</Filter>
    </ClCompile>
    <ClCompile Include="..\..\3rdPartyLibs\LibPNG\pngrio.c">
      <Filter>LibPNG</Filter>
    </ClCompile>
    <ClCompile Include="..\..\3rdPartyLibs\LibPNG\pngrtran.c">
      <Filter>LibPNG</Filter>
    </ClCompile>
    <ClCompile Include="..\..\3rdPartyLibs\LibPNG\pngrutil.c">
      <Filter>LibPNG</Filter>
    </ClCompile>
    <ClCompile Include="..\..\3rdPartyLibs\LibPNG\pngset.c">
      <Filter>LibPNG</Filter>
    </ClCompile>
    <ClCompile Include="..\..\3rdPartyLibs\LibPNG\pngtrans.c">
      <Filter>LibPNG</Filter>
    </ClCompile>
    <ClCompile Include="..\..\3rdPartyLibs\LibPNG\pngvcrd.c">
      <Filter>LibPNG</Filter>
    </ClCompile>
    <ClCompile Include="..\..\3rdPartyLibs\LibPNG\pngwio.c">
      <Filter>LibPNG</Filter>
    </ClCompile>
    <ClCompile Include="..\..\3rdPartyLibs\LibPNG\pngwrite.c">
      <Filter>LibPNG</Filter>
    </ClCompile>
    <ClCompile Include="..\..\3rdPartyLibs\LibPNG\pngwtran.c">
      <Filter>LibPNG</Filter>
    </ClCompile>
    <ClCompile Include="..\..\3rdPartyLibs\LibPNG\pngwutil.c">
      <Filter>LibPNG</Filter>
    </ClCompile>
    <ClCompile Include="..\..\3rdPartyLibs\Zlib\adler32.c">
      <Filter>ZLib</Filter>
    </ClCompile>
    <ClCompile Include="..\..\3rdPartyLibs\Zlib\compress.c">
      <Filter>ZLib</Filter>
    </ClCompile>
    <ClCompile Include="..\..\3rdPartyLibs\Zlib\crc32.c">
      <Filter>ZLib</Filter>
    </ClCompile>
    <ClCompile Include="..\..\3rdPartyLibs\Zlib\deflate.c">
      <Filter>ZLib</Filter>
    </ClCompile>
    <ClCompile Include="..\..\3rdPartyLibs\Zlib\gzio.c">
      <Filter>ZLib</Filter>
    </ClCompile>
    <ClCompile Include="..\..\3rdPartyLibs\Zlib\infback.c">
      <Filter>ZLib</Filter>
    </ClCompile>
    <ClCompile Include="..\..\3rdPartyLibs\Zlib\inffast.c">
      <Filter>ZLib</Filter>
    </ClCompile>
    <ClCompile Include="..\..\3rdPartyLibs\Zlib\inflate.c">
      <Filter>ZLib</Filter>
    </ClCompile>
    <ClCompile Include="..\..\3rdPartyLibs\Zlib\inftrees.c">
      <Filter>ZLib</Filter>
    </ClCompile>
    <ClCompile Include="..\..\3rdPartyLibs\Zlib\ioapi.c">
      <Filter>ZLib</Filter>
    </ClCompile>
    <ClCompile Include="..\..\3rdPartyLibs\Zlib\trees.c">
      <Filter>ZLib</Filter>
    </ClCompile>
    <ClCompile Include="..\..\3rdPartyLibs\Zlib\uncompr.c">
      <Filter>ZLib</Filter>
    </ClCompile>
    <ClCompile Include="..\..\3rdPartyLibs\Zlib\unzip.c">
      <Filter>ZLib</Filter>
    </ClCompile>
    <ClCompile Include="..\..\3rdPartyLibs\Zlib\zip.c">
      <Filter>ZLib</Filter>
    </ClCompile>
    <ClCompile Include="..\..\3rdPartyLibs\Zlib\zutil.c">
      <Filter>ZLib</Filter>
    </ClCompile>
    <ClCompile Include="..\..\3rdPartyLibs\freetype\src\autofit\autofit.c">
      <Filter>FreeType\Source Files</Filter>
    </ClCompile>
    <ClCompile Include="..\..\3rdPartyLibs\freetype\src\bdf\bdf.c">
      <Filter>FreeType\Source Files</Filter>
    </ClCompile>
    <ClCompile Include="..\..\3rdPartyLibs\freetype\src\cff\cff.c">
      <Filter>FreeType\Source Files</Filter>
    </ClCompile>
    <ClCompile Include="..\..\3rdPartyLibs\freetype\src\base\ftbase.c">
      <Filter>FreeType\Source Files</Filter>
    </ClCompile>
    <ClCompile Include="..\..\3rdPartyLibs\freetype\src\base\ftbitmap.c">
      <Filter>FreeType\Source Files</Filter>
    </ClCompile>
    <ClCompile Include="..\..\3rdPartyLibs\freetype\src\cache\ftcache.c">
      <Filter>FreeType\Source Files</Filter>
    </ClCompile>
    <ClCompile Include="..\..\3rdPartyLibs\freetype\src\base\ftfstype.c">
      <Filter>FreeType\Source Files</Filter>
    </ClCompile>
    <ClCompile Include="..\..\3rdPartyLibs\freetype\src\base\ftgasp.c">
      <Filter>FreeType\Source Files</Filter>
    </ClCompile>
    <ClCompile Include="..\..\3rdPartyLibs\freetype\src\base\ftglyph.c">
      <Filter>FreeType\Source Files</Filter>
    </ClCompile>
    <ClCompile Include="..\..\3rdPartyLibs\freetype\src\gzip\ftgzip.c">
      <Filter>FreeType\Source Files</Filter>
    </ClCompile>
    <ClCompile Include="..\..\3rdPartyLibs\freetype\src\base\ftinit.c">
      <Filter>FreeType\Source Files</Filter>
    </ClCompile>
    <ClCompile Include="..\..\3rdPartyLibs\freetype\src\lzw\ftlzw.c">
      <Filter>FreeType\Source Files</Filter>
    </ClCompile>
    <ClCompile Include="..\..\3rdPartyLibs\freetype\src\base\ftstroke.c">
      <Filter>FreeType\Source Files</Filter>
    </ClCompile>
    <ClCompile Include="..\..\3rdPartyLibs\freetype\src\base\ftsystem.c">
      <Filter>FreeType\Source Files</Filter>
    </ClCompile>
    <ClCompile Include="..\..\3rdPartyLibs\freetype\src\smooth\smooth.c">
      <Filter>FreeType\Source Files</Filter>
    </ClCompile>
    <ClCompile Include="..\..\3rdPartyLibs\freetype\src\base\ftbbox.c">
      <Filter>FreeType\Source Files\FT_MODULES</Filter>
    </ClCompile>
    <ClCompile Include="..\..\3rdPartyLibs\freetype\src\base\ftmm.c">
      <Filter>FreeType\Source Files\FT_MODULES</Filter>
    </ClCompile>
    <ClCompile Include="..\..\3rdPartyLibs\freetype\src\base\ftpfr.c">
      <Filter>FreeType\Source Files\FT_MODULES</Filter>
    </ClCompile>
    <ClCompile Include="..\..\3rdPartyLibs\freetype\src\base\ftsynth.c">
      <Filter>FreeType\Source Files\FT_MODULES</Filter>
    </ClCompile>
    <ClCompile Include="..\..\3rdPartyLibs\freetype\src\base\fttype1.c">
      <Filter>FreeType\Source Files\FT_MODULES</Filter>
    </ClCompile>
    <ClCompile Include="..\..\3rdPartyLibs\freetype\src\base\ftwinfnt.c">
      <Filter>FreeType\Source Files\FT_MODULES</Filter>
    </ClCompile>
    <ClCompile Include="..\..\3rdPartyLibs\freetype\src\base\ftlcdfil.c">
      <Filter>FreeType\Source Files\FT_MODULES</Filter>
    </ClCompile>
    <ClCompile Include="..\..\3rdPartyLibs\freetype\src\base\ftgxval.c">
      <Filter>FreeType\Source Files\FT_MODULES</Filter>
    </ClCompile>
    <ClCompile Include="..\..\3rdPartyLibs\freetype\src\base\ftotval.c">
      <Filter>FreeType\Source Files\FT_MODULES</Filter>
    </ClCompile>
    <ClCompile Include="..\..\3rdPartyLibs\freetype\src\base\ftpatent.c">
      <Filter>FreeType\Source Files\FT_MODULES</Filter>
    </ClCompile>
    <ClCompile Include="..\..\3rdPartyLibs\freetype\src\pcf\pcf.c">
      <Filter>FreeType\Source Files\FT_MODULES</Filter>
    </ClCompile>
    <ClCompile Include="..\..\3rdPartyLibs\freetype\src\pfr\pfr.c">
      <Filter>FreeType\Source Files\FT_MODULES</Filter>
    </ClCompile>
    <ClCompile Include="..\..\3rdPartyLibs\freetype\src\psaux\psaux.c">
      <Filter>FreeType\Source Files\FT_MODULES</Filter>
    </ClCompile>
    <ClCompile Include="..\..\3rdPartyLibs\freetype\src\pshinter\pshinter.c">
      <Filter>FreeType\Source Files\FT_MODULES</Filter>
    </ClCompile>
    <ClCompile Include="..\..\3rdPartyLibs\freetype\src\psnames\psmodule.c">
      <Filter>FreeType\Source Files\FT_MODULES</Filter>
    </ClCompile>
    <ClCompile Include="..\..\3rdPartyLibs\freetype\src\raster\raster.c">
      <Filter>FreeType\Source Files\FT_MODULES</Filter>
    </ClCompile>
    <ClCompile Include="..\..\3rdPartyLibs\freetype\src\sfnt\sfnt.c">
      <Filter>FreeType\Source Files\FT_MODULES</Filter>
    </ClCompile>
    <ClCompile Include="..\..\3rdPartyLibs\freetype\src\truetype\truetype.c">
      <Filter>FreeType\Source Files\FT_MODULES</Filter>
    </ClCompile>
    <ClCompile Include="..\..\3rdPartyLibs\freetype\src\type1\type1.c">
      <Filter>FreeType\Source Files\FT_MODULES</Filter>
    </ClCompile>
    <ClCompile Include="..\..\3rdPartyLibs\freetype\src\cid\type1cid.c">
      <Filter>FreeType\Source Files\FT_MODULES</Filter>
    </ClCompile>
    <ClCompile Include="..\..\3rdPartyLibs\freetype\src\type42\type42.c">
      <Filter>FreeType\Source Files\FT_MODULES</Filter>
    </ClCompile>
    <ClCompile Include="..\..\3rdPartyLibs\freetype\src\winfonts\winfnt.c">
      <Filter>FreeType\Source Files\FT_MODULES</Filter>
    </ClCompile>
    <ClCompile Include="..\..\3rdPartyLibs\StackWalker\StackWalker.cpp">
      <Filter>StackWalker</Filter>
    </ClCompile>
    <ClCompile Include="..\..\3rdPartyLibs\Box2D\Collision\b2BroadPhase.cpp">
      <Filter>Box2D</Filter>
    </ClCompile>
    <ClCompile Include="..\..\3rdPartyLibs\Box2D\Collision\b2CollideCircle.cpp">
      <Filter>Box2D</Filter>
    </ClCompile>
    <ClCompile Include="..\..\3rdPartyLibs\Box2D\Collision\b2CollideEdge.cpp">
      <Filter>Box2D</Filter>
    </ClCompile>
    <ClCompile Include="..\..\3rdPartyLibs\Box2D\Collision\b2CollidePolygon.cpp">
      <Filter>Box2D</Filter>
    </ClCompile>
    <ClCompile Include="..\..\3rdPartyLibs\Box2D\Collision\b2Collision.cpp">
      <Filter>Box2D</Filter>
    </ClCompile>
    <ClCompile Include="..\..\3rdPartyLibs\Box2D\Collision\b2Distance.cpp">
      <Filter>Box2D</Filter>
    </ClCompile>
    <ClCompile Include="..\..\3rdPartyLibs\Box2D\Collision\b2DynamicTree.cpp">
      <Filter>Box2D</Filter>
    </ClCompile>
    <ClCompile Include="..\..\3rdPartyLibs\Box2D\Collision\b2TimeOfImpact.cpp">
      <Filter>Box2D</Filter>
    </ClCompile>
    <ClCompile Include="..\..\3rdPartyLibs\Box2D\Collision\Shapes\b2ChainShape.cpp">
      <Filter>Box2D</Filter>
    </ClCompile>
    <ClCompile Include="..\..\3rdPartyLibs\Box2D\Collision\Shapes\b2CircleShape.cpp">
      <Filter>Box2D</Filter>
    </ClCompile>
    <ClCompile Include="..\..\3rdPartyLibs\Box2D\Collision\Shapes\b2EdgeShape.cpp">
      <Filter>Box2D</Filter>
    </ClCompile>
    <ClCompile Include="..\..\3rdPartyLibs\Box2D\Collision\Shapes\b2PolygonShape.cpp">
      <Filter>Box2D</Filter>
    </ClCompile>
    <ClCompile Include="..\..\3rdPartyLibs\Box2D\Common\b2BlockAllocator.cpp">
      <Filter>Box2D</Filter>
    </ClCompile>
    <ClCompile Include="..\..\3rdPartyLibs\Box2D\Common\b2Draw.cpp">
      <Filter>Box2D</Filter>
    </ClCompile>
    <ClCompile Include="..\..\3rdPartyLibs\Box2D\Common\b2Math.cpp">
      <Filter>Box2D</Filter>
    </ClCompile>
    <ClCompile Include="..\..\3rdPartyLibs\Box2D\Common\b2Settings.cpp">
      <Filter>Box2D</Filter>
    </ClCompile>
    <ClCompile Include="..\..\3rdPartyLibs\Box2D\Common\b2StackAllocator.cpp">
      <Filter>Box2D</Filter>
    </ClCompile>
    <ClCompile Include="..\..\3rdPartyLibs\Box2D\Common\b2Timer.cpp">
      <Filter>Box2D</Filter>
    </ClCompile>
    <ClCompile Include="..\..\3rdPartyLibs\Box2D\Dynamics\b2Body.cpp">
      <Filter>Box2D</Filter>
    </ClCompile>
    <ClCompile Include="..\..\3rdPartyLibs\Box2D\Dynamics\b2ContactManager.cpp">
      <Filter>Box2D</Filter>
    </ClCompile>
    <ClCompile Include="..\..\3rdPartyLibs\Box2D\Dynamics\b2Fixture.cpp">
      <Filter>Box2D</Filter>
    </ClCompile>
    <ClCompile Include="..\..\3rdPartyLibs\Box2D\Dynamics\b2Island.cpp">
      <Filter>Box2D</Filter>
    </ClCompile>
    <ClCompile Include="..\..\3rdPartyLibs\Box2D\Dynamics\b2World.cpp">
      <Filter>Box2D</Filter>
    </ClCompile>
    <ClCompile Include="..\..\3rdPartyLibs\Box2D\Dynamics\b2WorldCallbacks.cpp">
      <Filter>Box2D</Filter>
    </ClCompile>
    <ClCompile Include="..\..\3rdPartyLibs\Box2D\Dynamics\Contacts\b2ChainAndCircleContact.cpp">
      <Filter>Box2D</Filter>
    </ClCompile>
    <ClCompile Include="..\..\3rdPartyLibs\Box2D\Dynamics\Contacts\b2ChainAndPolygonContact.cpp">
      <Filter>Box2D</Filter>
    </ClCompile>
    <ClCompile Include="..\..\3rdPartyLibs\Box2D\Dynamics\Contacts\b2CircleContact.cpp">
      <Filter>Box2D</Filter>
    </ClCompile>
    <ClCompile Include="..\..\3rdPartyLibs\Box2D\Dynamics\Contacts\b2Contact.cpp">
      <Filter>Box2D</Filter>
    </ClCompile>
    <ClCompile Include="..\..\3rdPartyLibs\Box2D\Dynamics\Contacts\b2ContactSolver.cpp">
      <Filter>Box2D</Filter>
    </ClCompile>
    <ClCompile Include="..\..\3rdPartyLibs\Box2D\Dynamics\Contacts\b2EdgeAndCircleContact.cpp">
      <Filter>Box2D</Filter>
    </ClCompile>
    <ClCompile Include="..\..\3rdPartyLibs\Box2D\Dynamics\Contacts\b2EdgeAndPolygonContact.cpp">
      <Filter>Box2D</Filter>
    </ClCompile>
    <ClCompile Include="..\..\3rdPartyLibs\Box2D\Dynamics\Contacts\b2PolygonAndCircleContact.cpp">
      <Filter>Box2D</Filter>
    </ClCompile>
    <ClCompile Include="..\..\3rdPartyLibs\Box2D\Dynamics\Contacts\b2PolygonContact.cpp">
      <Filter>Box2D</Filter>
    </ClCompile>
    <ClCompile Include="..\..\3rdPartyLibs\Box2D\Dynamics\Joints\b2DistanceJoint.cpp">
      <Filter>Box2D</Filter>
    </ClCompile>
    <ClCompile Include="..\..\3rdPartyLibs\Box2D\Dynamics\Joints\b2FrictionJoint.cpp">
      <Filter>Box2D</Filter>
    </ClCompile>
    <ClCompile Include="..\..\3rdPartyLibs\Box2D\Dynamics\Joints\b2GearJoint.cpp">
      <Filter>Box2D</Filter>
    </ClCompile>
    <ClCompile Include="..\..\3rdPartyLibs\Box2D\Dynamics\Joints\b2Joint.cpp">
      <Filter>Box2D</Filter>
    </ClCompile>
    <ClCompile Include="..\..\3rdPartyLibs\Box2D\Dynamics\Joints\b2MotorJoint.cpp">
      <Filter>Box2D</Filter>
    </ClCompile>
    <ClCompile Include="..\..\3rdPartyLibs\Box2D\Dynamics\Joints\b2MouseJoint.cpp">
      <Filter>Box2D</Filter>
    </ClCompile>
    <ClCompile Include="..\..\3rdPartyLibs\Box2D\Dynamics\Joints\b2PrismaticJoint.cpp">
      <Filter>Box2D</Filter>
    </ClCompile>
    <ClCompile Include="..\..\3rdPartyLibs\Box2D\Dynamics\Joints\b2PulleyJoint.cpp">
      <Filter>Box2D</Filter>
    </ClCompile>
    <ClCompile Include="..\..\3rdPartyLibs\Box2D\Dynamics\Joints\b2RevoluteJoint.cpp">
      <Filter>Box2D</Filter>
    </ClCompile>
    <ClCompile Include="..\..\3rdPartyLibs\Box2D\Dynamics\Joints\b2RopeJoint.cpp">
      <Filter>Box2D</Filter>
    </ClCompile>
    <ClCompile Include="..\..\3rdPartyLibs\Box2D\Dynamics\Joints\b2WeldJoint.cpp">
      <Filter>Box2D</Filter>
    </ClCompile>
    <ClCompile Include="..\..\3rdPartyLibs\Box2D\Dynamics\Joints\b2WheelJoint.cpp">
      <Filter>Box2D</Filter>
    </ClCompile>
    <ClCompile Include="..\..\3rdPartyLibs\Box2D\Rope\b2Rope.cpp">
      <Filter>Box2D</Filter>
    </ClCompile>
  </ItemGroup>
</Project>