<?xml version="1.0" encoding="utf-8"?>
<Project ToolsVersion="4.0" xmlns="http://schemas.microsoft.com/developer/msbuild/2003">
  <ItemGroup>
    <Filter Include="Src">
      <UniqueIdentifier>{4FC737F1-C7A5-4376-A066-2A32D752A2FF}</UniqueIdentifier>
      <Extensions>cpp;c;cc;cxx;def;odl;idl;hpj;bat;asm;asmx</Extensions>
    </Filter>
    <Filter Include="Src\pugixml">
      <UniqueIdentifier>{25b15aed-5f9b-4edd-b916-1996dcb2408d}</UniqueIdentifier>
    </Filter>
  </ItemGroup>
  <ItemGroup>
    <ClCompile Include="Src\CodeToolApp.cpp">
      <Filter>Src</Filter>
    </ClCompile>
    <ClCompile Include="Src\CppSyntaxParser.cpp">
      <Filter>Src</Filter>
    </ClCompile>
    <ClCompile Include="Src\SyntaxTree.cpp">
      <Filter>Src</Filter>
    </ClCompile>
    <ClCompile Include="Src\pugixml\pugixml.cpp">
      <Filter>Src\pugixml</Filter>
    </ClCompile>
    <ClCompile Include="Src\CodeTool.cpp">
      <Filter>Src</Filter>
    </ClCompile>
  </ItemGroup>
  <ItemGroup>
    <ClInclude Include="Src\CodeToolApp.h">
      <Filter>Src</Filter>
    </ClInclude>
    <ClInclude Include="Src\CppSyntaxParser.h">
      <Filter>Src</Filter>
    </ClInclude>
    <ClInclude Include="Src\SyntaxTree.h">
      <Filter>Src</Filter>
    </ClInclude>
    <ClInclude Include="Src\pugixml\pugiconfig.hpp">
      <Filter>Src\pugixml</Filter>
    </ClInclude>
    <ClInclude Include="Src\pugixml\pugixml.hpp">
      <Filter>Src\pugixml</Filter>
    </ClInclude>
  </ItemGroup>
</Project>