<?xml version="1.0"?>
<Project ToolsVersion="4.0" xmlns="http://schemas.microsoft.com/developer/msbuild/2003">
	<ItemGroup>
		<Filter Include="Sources" />
		<Filter Include="Sources\Windows" />
	</ItemGroup>
	<ItemGroup>
		<ClInclude Include="..\..\Sources\BasicUIStyle.h">
			<Filter>Sources</Filter>
		</ClInclude>
		<ClInclude Include="..\..\Sources\ITestScreen.h">
			<Filter>Sources</Filter>
		</ClInclude>
		<ClInclude Include="..\..\Sources\MainTestScreen.h">
			<Filter>Sources</Filter>
		</ClInclude>
		<ClInclude Include="..\..\Sources\TestApplication.h">
			<Filter>Sources</Filter>
		</ClInclude>
		<ClInclude Include="..\..\Sources\TextTestScreen.h">
			<Filter>Sources</Filter>
		</ClInclude>
		<ClInclude Include="..\..\Sources\UITestScreen.h">
			<Filter>Sources</Filter>
		</ClInclude>
	</ItemGroup>
	<ItemGroup>
		<ClCompile Include="..\..\Sources\BasicUIStyle.cpp">
			<Filter>Sources</Filter>
		</ClCompile>
		<ClCompile Include="..\..\Sources\ITestScreen.cpp">
			<Filter>Sources</Filter>
		</ClCompile>
		<ClCompile Include="..\..\Sources\MainTestScreen.cpp">
			<Filter>Sources</Filter>
		</ClCompile>
		<ClCompile Include="..\..\Sources\TestApplication.cpp">
			<Filter>Sources</Filter>
		</ClCompile>
		<ClCompile Include="..\..\Sources\TextTestScreen.cpp">
			<Filter>Sources</Filter>
		</ClCompile>
		<ClCompile Include="..\..\Sources\UITestScreen.cpp">
			<Filter>Sources</Filter>
		</ClCompile>
		<ClCompile Include="..\..\Sources\Windows\o2Test.cpp">
			<Filter>Sources\Windows</Filter>
		</ClCompile>
	</ItemGroup>
</Project>
