
Microsoft Visual Studio Solution File, Format Version 12.00
# Visual Studio 14
VisualStudioVersion = 14.0.23107.0
MinimumVisualStudioVersion = 10.0.40219.1
Project("{FAE04EC0-301F-11D3-BF4B-00C04F79EFBC}") = "o2CodeTool", "o2CodeTool\o2CodeTool.csproj", "{8712BCB0-406F-47D7-AD05-89C22733A453}"
EndProject
Global
	GlobalSection(SolutionConfigurationPlatforms) = preSolution
		Debug|Any CPU = Debug|Any CPU
		Release|Any CPU = Release|Any CPU
	EndGlobalSection
	GlobalSection(ProjectConfigurationPlatforms) = postSolution
		{8712BCB0-406F-47D7-AD05-89C22733A453}.Debug|Any CPU.ActiveCfg = Debug|Any CPU
		{8712BCB0-406F-47D7-AD05-89C22733A453}.Debug|Any CPU.Build.0 = Debug|Any CPU
		{8712BCB0-406F-47D7-AD05-89C22733A453}.Release|Any CPU.ActiveCfg = Release|Any CPU
		{8712BCB0-406F-47D7-AD05-89C22733A453}.Release|Any CPU.Build.0 = Release|Any CPU
	EndGlobalSection
	GlobalSection(SolutionProperties) = preSolution
		HideSolutionNode = FALSE
	EndGlobalSection
EndGlobal
